
Microsoft Visual Studio Solution File, Format Version 12.00
# Visual Studio Version 16
VisualStudioVersion = 16.0.31005.135
MinimumVisualStudioVersion = 10.0.40219.1
Project("{9A19103F-16F7-4668-BE54-9A1E7A4F7556}") = "SharpCalculator", "SharpCalculator\SharpCalculator.csproj", "{D8DDD921-34BF-4187-9F46-09043CA7F094}"
EndProject
Project("{FAE04EC0-301F-11D3-BF4B-00C04F79EFBC}") = "SharpCalculatorLib", "SharpCalculatorLib\SharpCalculatorLib.csproj", "{A33B082B-0DCE-4EA9-ADBA-8341530A49F8}"
EndProject
Global
	GlobalSection(SolutionConfigurationPlatforms) = preSolution
		Debug|Any CPU = Debug|Any CPU
		Release|Any CPU = Release|Any CPU
	EndGlobalSection
	GlobalSection(ProjectConfigurationPlatforms) = postSolution
		{D8DDD921-34BF-4187-9F46-09043CA7F094}.Debug|Any CPU.ActiveCfg = Debug|Any CPU
		{D8DDD921-34BF-4187-9F46-09043CA7F094}.Debug|Any CPU.Build.0 = Debug|Any CPU
		{D8DDD921-34BF-4187-9F46-09043CA7F094}.Release|Any CPU.ActiveCfg = Release|Any CPU
		{D8DDD921-34BF-4187-9F46-09043CA7F094}.Release|Any CPU.Build.0 = Release|Any CPU
		{A33B082B-0DCE-4EA9-ADBA-8341530A49F8}.Debug|Any CPU.ActiveCfg = Debug|Any CPU
		{A33B082B-0DCE-4EA9-ADBA-8341530A49F8}.Debug|Any CPU.Build.0 = Debug|Any CPU
		{A33B082B-0DCE-4EA9-ADBA-8341530A49F8}.Release|Any CPU.ActiveCfg = Release|Any CPU
		{A33B082B-0DCE-4EA9-ADBA-8341530A49F8}.Release|Any CPU.Build.0 = Release|Any CPU
	EndGlobalSection
	GlobalSection(SolutionProperties) = preSolution
		HideSolutionNode = FALSE
	EndGlobalSection
	GlobalSection(ExtensibilityGlobals) = postSolution
		SolutionGuid = {645C6F36-5DA0-4598-9EB9-7C29A5D1E6F0}
	EndGlobalSection
EndGlobal
