
Microsoft Visual Studio Solution File, Format Version 12.00
# Visual Studio Version 16
VisualStudioVersion = 16.0.31005.135
MinimumVisualStudioVersion = 10.0.40219.1
Project("{9A19103F-16F7-4668-BE54-9A1E7A4F7556}") = "SharpCalculatorApp", "SharpCalculator\SharpCalculatorApp.csproj", "{D8DDD921-34BF-4187-9F46-09043CA7F094}"
EndProject
Project("{9A19103F-16F7-4668-BE54-9A1E7A4F7556}") = "SharpCalculatorLib", "SharpCalculatorLib\SharpCalculatorLib.csproj", "{A33B082B-0DCE-4EA9-ADBA-8341530A49F8}"
EndProject
Project("{9A19103F-16F7-4668-BE54-9A1E7A4F7556}") = "NUnitTests", "NUnitTests\NUnitTests.csproj", "{AE5788AF-20BC-4ADC-BAAA-E830CA00F417}"
EndProject
Project("{D954291E-2A0B-460D-934E-DC6B0785DB48}") = "SharpCalculatorGUIApp.Shared", "SharpCalculatorGUIApp\SharpCalculatorGUIApp.Shared\SharpCalculatorGUIApp.Shared.shproj", "{6279C845-92F8-4333-AB99-3D213163593C}"
EndProject
Project("{2150E333-8FDC-42A3-9474-1A3956D46DE8}") = "Platforms", "Platforms", "{6B9332C2-6A8C-4581-8536-312C6C7C7E92}"
EndProject
Project("{FAE04EC0-301F-11D3-BF4B-00C04F79EFBC}") = "SharpCalculatorGUIApp.Droid", "SharpCalculatorGUIApp\SharpCalculatorGUIApp.Droid\SharpCalculatorGUIApp.Droid.csproj", "{84E764FF-38F4-432C-BF64-C42A71B57FAF}"
EndProject
Project("{FAE04EC0-301F-11D3-BF4B-00C04F79EFBC}") = "SharpCalculatorGUIApp.iOS", "SharpCalculatorGUIApp\SharpCalculatorGUIApp.iOS\SharpCalculatorGUIApp.iOS.csproj", "{560DE621-937B-40AB-BF0C-EB636002A75B}"
EndProject
Project("{FAE04EC0-301F-11D3-BF4B-00C04F79EFBC}") = "SharpCalculatorGUIApp.UWP", "SharpCalculatorGUIApp\SharpCalculatorGUIApp.UWP\SharpCalculatorGUIApp.UWP.csproj", "{0544668D-6E08-4820-981F-282F3094B74A}"
EndProject
Project("{FAE04EC0-301F-11D3-BF4B-00C04F79EFBC}") = "SharpCalculatorGUIApp.Wasm", "SharpCalculatorGUIApp\SharpCalculatorGUIApp.Wasm\SharpCalculatorGUIApp.Wasm.csproj", "{EFA359AF-2710-4F3B-AA80-F9C080577D70}"
EndProject
Project("{FAE04EC0-301F-11D3-BF4B-00C04F79EFBC}") = "SharpCalculatorGUIApp.macOS", "SharpCalculatorGUIApp\SharpCalculatorGUIApp.macOS\SharpCalculatorGUIApp.macOS.csproj", "{1247D57C-5BA5-4E80-9D55-560480239A9F}"
EndProject
Project("{FAE04EC0-301F-11D3-BF4B-00C04F79EFBC}") = "SharpCalculatorGUIApp.Skia.Wpf.Host", "SharpCalculatorGUIApp\SharpCalculatorGUIApp.Skia.Wpf.Host\SharpCalculatorGUIApp.Skia.Wpf.Host.csproj", "{4995E6DC-926B-4581-8EFC-FC5EB3E6DFE0}"
EndProject
Project("{FAE04EC0-301F-11D3-BF4B-00C04F79EFBC}") = "SharpCalculatorGUIApp.Skia.Wpf", "SharpCalculatorGUIApp\SharpCalculatorGUIApp.Skia.Wpf\SharpCalculatorGUIApp.Skia.Wpf.csproj", "{E3BD49EB-9896-47BE-B236-27340476C604}"
EndProject
Project("{FAE04EC0-301F-11D3-BF4B-00C04F79EFBC}") = "SharpCalculatorGUIApp.Skia.Gtk", "SharpCalculatorGUIApp\SharpCalculatorGUIApp.Skia.Gtk\SharpCalculatorGUIApp.Skia.Gtk.csproj", "{6BDEBB39-2784-4BDC-8B95-7852DDAFEC62}"
EndProject
Project("{FAE04EC0-301F-11D3-BF4B-00C04F79EFBC}") = "SharpCalculatorGUIApp.Skia.Tizen", "SharpCalculatorGUIApp\SharpCalculatorGUIApp.Skia.Tizen\SharpCalculatorGUIApp.Skia.Tizen.csproj", "{739B4102-B9CC-42B0-9F8E-BF48FD9F1B31}"
EndProject
Global
	GlobalSection(SharedMSBuildProjectFiles) = preSolution
		SharpCalculatorGUIApp\SharpCalculatorGUIApp.Shared\SharpCalculatorGUIApp.Shared.projitems*{0544668d-6e08-4820-981f-282f3094b74a}*SharedItemsImports = 4
		SharpCalculatorGUIApp\SharpCalculatorGUIApp.Shared\SharpCalculatorGUIApp.Shared.projitems*{1247d57c-5ba5-4e80-9d55-560480239a9f}*SharedItemsImports = 4
		SharpCalculatorGUIApp\SharpCalculatorGUIApp.Shared\SharpCalculatorGUIApp.Shared.projitems*{560de621-937b-40ab-bf0c-eb636002a75b}*SharedItemsImports = 4
		SharpCalculatorGUIApp\SharpCalculatorGUIApp.Shared\SharpCalculatorGUIApp.Shared.projitems*{6279c845-92f8-4333-ab99-3d213163593c}*SharedItemsImports = 13
		SharpCalculatorGUIApp\SharpCalculatorGUIApp.Shared\SharpCalculatorGUIApp.Shared.projitems*{6bdebb39-2784-4bdc-8b95-7852ddafec62}*SharedItemsImports = 5
		SharpCalculatorGUIApp\SharpCalculatorGUIApp.Shared\SharpCalculatorGUIApp.Shared.projitems*{739b4102-b9cc-42b0-9f8e-bf48fd9f1b31}*SharedItemsImports = 5
		SharpCalculatorGUIApp\SharpCalculatorGUIApp.Shared\SharpCalculatorGUIApp.Shared.projitems*{84e764ff-38f4-432c-bf64-c42a71b57faf}*SharedItemsImports = 4
		SharpCalculatorGUIApp\SharpCalculatorGUIApp.Shared\SharpCalculatorGUIApp.Shared.projitems*{e3bd49eb-9896-47be-b236-27340476c604}*SharedItemsImports = 5
		SharpCalculatorGUIApp\SharpCalculatorGUIApp.Shared\SharpCalculatorGUIApp.Shared.projitems*{efa359af-2710-4f3b-aa80-f9c080577d70}*SharedItemsImports = 5
	EndGlobalSection
	GlobalSection(SolutionConfigurationPlatforms) = preSolution
		Ad-Hoc|Any CPU = Ad-Hoc|Any CPU
		Ad-Hoc|ARM = Ad-Hoc|ARM
		Ad-Hoc|ARM64 = Ad-Hoc|ARM64
		Ad-Hoc|iPhone = Ad-Hoc|iPhone
		Ad-Hoc|iPhoneSimulator = Ad-Hoc|iPhoneSimulator
		Ad-Hoc|x64 = Ad-Hoc|x64
		Ad-Hoc|x86 = Ad-Hoc|x86
		AppStore|Any CPU = AppStore|Any CPU
		AppStore|ARM = AppStore|ARM
		AppStore|ARM64 = AppStore|ARM64
		AppStore|iPhone = AppStore|iPhone
		AppStore|iPhoneSimulator = AppStore|iPhoneSimulator
		AppStore|x64 = AppStore|x64
		AppStore|x86 = AppStore|x86
		Debug|Any CPU = Debug|Any CPU
		Debug|ARM = Debug|ARM
		Debug|ARM64 = Debug|ARM64
		Debug|iPhone = Debug|iPhone
		Debug|iPhoneSimulator = Debug|iPhoneSimulator
		Debug|x64 = Debug|x64
		Debug|x86 = Debug|x86
		Release|Any CPU = Release|Any CPU
		Release|ARM = Release|ARM
		Release|ARM64 = Release|ARM64
		Release|iPhone = Release|iPhone
		Release|iPhoneSimulator = Release|iPhoneSimulator
		Release|x64 = Release|x64
		Release|x86 = Release|x86
	EndGlobalSection
	GlobalSection(ProjectConfigurationPlatforms) = postSolution
		{D8DDD921-34BF-4187-9F46-09043CA7F094}.Ad-Hoc|Any CPU.ActiveCfg = Release|Any CPU
		{D8DDD921-34BF-4187-9F46-09043CA7F094}.Ad-Hoc|Any CPU.Build.0 = Release|Any CPU
		{D8DDD921-34BF-4187-9F46-09043CA7F094}.Ad-Hoc|ARM.ActiveCfg = Release|Any CPU
		{D8DDD921-34BF-4187-9F46-09043CA7F094}.Ad-Hoc|ARM.Build.0 = Release|Any CPU
		{D8DDD921-34BF-4187-9F46-09043CA7F094}.Ad-Hoc|ARM64.ActiveCfg = Release|Any CPU
		{D8DDD921-34BF-4187-9F46-09043CA7F094}.Ad-Hoc|ARM64.Build.0 = Release|Any CPU
		{D8DDD921-34BF-4187-9F46-09043CA7F094}.Ad-Hoc|iPhone.ActiveCfg = Release|Any CPU
		{D8DDD921-34BF-4187-9F46-09043CA7F094}.Ad-Hoc|iPhone.Build.0 = Release|Any CPU
		{D8DDD921-34BF-4187-9F46-09043CA7F094}.Ad-Hoc|iPhoneSimulator.ActiveCfg = Release|Any CPU
		{D8DDD921-34BF-4187-9F46-09043CA7F094}.Ad-Hoc|iPhoneSimulator.Build.0 = Release|Any CPU
		{D8DDD921-34BF-4187-9F46-09043CA7F094}.Ad-Hoc|x64.ActiveCfg = Release|Any CPU
		{D8DDD921-34BF-4187-9F46-09043CA7F094}.Ad-Hoc|x64.Build.0 = Release|Any CPU
		{D8DDD921-34BF-4187-9F46-09043CA7F094}.Ad-Hoc|x86.ActiveCfg = Release|Any CPU
		{D8DDD921-34BF-4187-9F46-09043CA7F094}.Ad-Hoc|x86.Build.0 = Release|Any CPU
		{D8DDD921-34BF-4187-9F46-09043CA7F094}.AppStore|Any CPU.ActiveCfg = Release|Any CPU
		{D8DDD921-34BF-4187-9F46-09043CA7F094}.AppStore|Any CPU.Build.0 = Release|Any CPU
		{D8DDD921-34BF-4187-9F46-09043CA7F094}.AppStore|ARM.ActiveCfg = Release|Any CPU
		{D8DDD921-34BF-4187-9F46-09043CA7F094}.AppStore|ARM.Build.0 = Release|Any CPU
		{D8DDD921-34BF-4187-9F46-09043CA7F094}.AppStore|ARM64.ActiveCfg = Release|Any CPU
		{D8DDD921-34BF-4187-9F46-09043CA7F094}.AppStore|ARM64.Build.0 = Release|Any CPU
		{D8DDD921-34BF-4187-9F46-09043CA7F094}.AppStore|iPhone.ActiveCfg = Release|Any CPU
		{D8DDD921-34BF-4187-9F46-09043CA7F094}.AppStore|iPhone.Build.0 = Release|Any CPU
		{D8DDD921-34BF-4187-9F46-09043CA7F094}.AppStore|iPhoneSimulator.ActiveCfg = Release|Any CPU
		{D8DDD921-34BF-4187-9F46-09043CA7F094}.AppStore|iPhoneSimulator.Build.0 = Release|Any CPU
		{D8DDD921-34BF-4187-9F46-09043CA7F094}.AppStore|x64.ActiveCfg = Release|Any CPU
		{D8DDD921-34BF-4187-9F46-09043CA7F094}.AppStore|x64.Build.0 = Release|Any CPU
		{D8DDD921-34BF-4187-9F46-09043CA7F094}.AppStore|x86.ActiveCfg = Release|Any CPU
		{D8DDD921-34BF-4187-9F46-09043CA7F094}.AppStore|x86.Build.0 = Release|Any CPU
		{D8DDD921-34BF-4187-9F46-09043CA7F094}.Debug|Any CPU.ActiveCfg = Debug|Any CPU
		{D8DDD921-34BF-4187-9F46-09043CA7F094}.Debug|Any CPU.Build.0 = Debug|Any CPU
		{D8DDD921-34BF-4187-9F46-09043CA7F094}.Debug|ARM.ActiveCfg = Debug|Any CPU
		{D8DDD921-34BF-4187-9F46-09043CA7F094}.Debug|ARM.Build.0 = Debug|Any CPU
		{D8DDD921-34BF-4187-9F46-09043CA7F094}.Debug|ARM64.ActiveCfg = Debug|Any CPU
		{D8DDD921-34BF-4187-9F46-09043CA7F094}.Debug|ARM64.Build.0 = Debug|Any CPU
		{D8DDD921-34BF-4187-9F46-09043CA7F094}.Debug|iPhone.ActiveCfg = Debug|Any CPU
		{D8DDD921-34BF-4187-9F46-09043CA7F094}.Debug|iPhone.Build.0 = Debug|Any CPU
		{D8DDD921-34BF-4187-9F46-09043CA7F094}.Debug|iPhoneSimulator.ActiveCfg = Debug|Any CPU
		{D8DDD921-34BF-4187-9F46-09043CA7F094}.Debug|iPhoneSimulator.Build.0 = Debug|Any CPU
		{D8DDD921-34BF-4187-9F46-09043CA7F094}.Debug|x64.ActiveCfg = Debug|Any CPU
		{D8DDD921-34BF-4187-9F46-09043CA7F094}.Debug|x64.Build.0 = Debug|Any CPU
		{D8DDD921-34BF-4187-9F46-09043CA7F094}.Debug|x86.ActiveCfg = Debug|Any CPU
		{D8DDD921-34BF-4187-9F46-09043CA7F094}.Debug|x86.Build.0 = Debug|Any CPU
		{D8DDD921-34BF-4187-9F46-09043CA7F094}.Release|Any CPU.ActiveCfg = Release|Any CPU
		{D8DDD921-34BF-4187-9F46-09043CA7F094}.Release|Any CPU.Build.0 = Release|Any CPU
		{D8DDD921-34BF-4187-9F46-09043CA7F094}.Release|ARM.ActiveCfg = Release|Any CPU
		{D8DDD921-34BF-4187-9F46-09043CA7F094}.Release|ARM.Build.0 = Release|Any CPU
		{D8DDD921-34BF-4187-9F46-09043CA7F094}.Release|ARM64.ActiveCfg = Release|Any CPU
		{D8DDD921-34BF-4187-9F46-09043CA7F094}.Release|ARM64.Build.0 = Release|Any CPU
		{D8DDD921-34BF-4187-9F46-09043CA7F094}.Release|iPhone.ActiveCfg = Release|Any CPU
		{D8DDD921-34BF-4187-9F46-09043CA7F094}.Release|iPhone.Build.0 = Release|Any CPU
		{D8DDD921-34BF-4187-9F46-09043CA7F094}.Release|iPhoneSimulator.ActiveCfg = Release|Any CPU
		{D8DDD921-34BF-4187-9F46-09043CA7F094}.Release|iPhoneSimulator.Build.0 = Release|Any CPU
		{D8DDD921-34BF-4187-9F46-09043CA7F094}.Release|x64.ActiveCfg = Release|Any CPU
		{D8DDD921-34BF-4187-9F46-09043CA7F094}.Release|x64.Build.0 = Release|Any CPU
		{D8DDD921-34BF-4187-9F46-09043CA7F094}.Release|x86.ActiveCfg = Release|Any CPU
		{D8DDD921-34BF-4187-9F46-09043CA7F094}.Release|x86.Build.0 = Release|Any CPU
		{A33B082B-0DCE-4EA9-ADBA-8341530A49F8}.Ad-Hoc|Any CPU.ActiveCfg = Release|Any CPU
		{A33B082B-0DCE-4EA9-ADBA-8341530A49F8}.Ad-Hoc|Any CPU.Build.0 = Release|Any CPU
		{A33B082B-0DCE-4EA9-ADBA-8341530A49F8}.Ad-Hoc|ARM.ActiveCfg = Release|Any CPU
		{A33B082B-0DCE-4EA9-ADBA-8341530A49F8}.Ad-Hoc|ARM.Build.0 = Release|Any CPU
		{A33B082B-0DCE-4EA9-ADBA-8341530A49F8}.Ad-Hoc|ARM64.ActiveCfg = Release|Any CPU
		{A33B082B-0DCE-4EA9-ADBA-8341530A49F8}.Ad-Hoc|ARM64.Build.0 = Release|Any CPU
		{A33B082B-0DCE-4EA9-ADBA-8341530A49F8}.Ad-Hoc|iPhone.ActiveCfg = Release|Any CPU
		{A33B082B-0DCE-4EA9-ADBA-8341530A49F8}.Ad-Hoc|iPhone.Build.0 = Release|Any CPU
		{A33B082B-0DCE-4EA9-ADBA-8341530A49F8}.Ad-Hoc|iPhoneSimulator.ActiveCfg = Release|Any CPU
		{A33B082B-0DCE-4EA9-ADBA-8341530A49F8}.Ad-Hoc|iPhoneSimulator.Build.0 = Release|Any CPU
		{A33B082B-0DCE-4EA9-ADBA-8341530A49F8}.Ad-Hoc|x64.ActiveCfg = Release|Any CPU
		{A33B082B-0DCE-4EA9-ADBA-8341530A49F8}.Ad-Hoc|x64.Build.0 = Release|Any CPU
		{A33B082B-0DCE-4EA9-ADBA-8341530A49F8}.Ad-Hoc|x86.ActiveCfg = Release|Any CPU
		{A33B082B-0DCE-4EA9-ADBA-8341530A49F8}.Ad-Hoc|x86.Build.0 = Release|Any CPU
		{A33B082B-0DCE-4EA9-ADBA-8341530A49F8}.AppStore|Any CPU.ActiveCfg = Release|Any CPU
		{A33B082B-0DCE-4EA9-ADBA-8341530A49F8}.AppStore|Any CPU.Build.0 = Release|Any CPU
		{A33B082B-0DCE-4EA9-ADBA-8341530A49F8}.AppStore|ARM.ActiveCfg = Release|Any CPU
		{A33B082B-0DCE-4EA9-ADBA-8341530A49F8}.AppStore|ARM.Build.0 = Release|Any CPU
		{A33B082B-0DCE-4EA9-ADBA-8341530A49F8}.AppStore|ARM64.ActiveCfg = Release|Any CPU
		{A33B082B-0DCE-4EA9-ADBA-8341530A49F8}.AppStore|ARM64.Build.0 = Release|Any CPU
		{A33B082B-0DCE-4EA9-ADBA-8341530A49F8}.AppStore|iPhone.ActiveCfg = Release|Any CPU
		{A33B082B-0DCE-4EA9-ADBA-8341530A49F8}.AppStore|iPhone.Build.0 = Release|Any CPU
		{A33B082B-0DCE-4EA9-ADBA-8341530A49F8}.AppStore|iPhoneSimulator.ActiveCfg = Release|Any CPU
		{A33B082B-0DCE-4EA9-ADBA-8341530A49F8}.AppStore|iPhoneSimulator.Build.0 = Release|Any CPU
		{A33B082B-0DCE-4EA9-ADBA-8341530A49F8}.AppStore|x64.ActiveCfg = Release|Any CPU
		{A33B082B-0DCE-4EA9-ADBA-8341530A49F8}.AppStore|x64.Build.0 = Release|Any CPU
		{A33B082B-0DCE-4EA9-ADBA-8341530A49F8}.AppStore|x86.ActiveCfg = Release|Any CPU
		{A33B082B-0DCE-4EA9-ADBA-8341530A49F8}.AppStore|x86.Build.0 = Release|Any CPU
		{A33B082B-0DCE-4EA9-ADBA-8341530A49F8}.Debug|Any CPU.ActiveCfg = Debug|Any CPU
		{A33B082B-0DCE-4EA9-ADBA-8341530A49F8}.Debug|Any CPU.Build.0 = Debug|Any CPU
		{A33B082B-0DCE-4EA9-ADBA-8341530A49F8}.Debug|ARM.ActiveCfg = Debug|Any CPU
		{A33B082B-0DCE-4EA9-ADBA-8341530A49F8}.Debug|ARM.Build.0 = Debug|Any CPU
		{A33B082B-0DCE-4EA9-ADBA-8341530A49F8}.Debug|ARM64.ActiveCfg = Debug|Any CPU
		{A33B082B-0DCE-4EA9-ADBA-8341530A49F8}.Debug|ARM64.Build.0 = Debug|Any CPU
		{A33B082B-0DCE-4EA9-ADBA-8341530A49F8}.Debug|iPhone.ActiveCfg = Debug|Any CPU
		{A33B082B-0DCE-4EA9-ADBA-8341530A49F8}.Debug|iPhone.Build.0 = Debug|Any CPU
		{A33B082B-0DCE-4EA9-ADBA-8341530A49F8}.Debug|iPhoneSimulator.ActiveCfg = Debug|Any CPU
		{A33B082B-0DCE-4EA9-ADBA-8341530A49F8}.Debug|iPhoneSimulator.Build.0 = Debug|Any CPU
		{A33B082B-0DCE-4EA9-ADBA-8341530A49F8}.Debug|x64.ActiveCfg = Debug|Any CPU
		{A33B082B-0DCE-4EA9-ADBA-8341530A49F8}.Debug|x64.Build.0 = Debug|Any CPU
		{A33B082B-0DCE-4EA9-ADBA-8341530A49F8}.Debug|x86.ActiveCfg = Debug|Any CPU
		{A33B082B-0DCE-4EA9-ADBA-8341530A49F8}.Debug|x86.Build.0 = Debug|Any CPU
		{A33B082B-0DCE-4EA9-ADBA-8341530A49F8}.Release|Any CPU.ActiveCfg = Release|Any CPU
		{A33B082B-0DCE-4EA9-ADBA-8341530A49F8}.Release|Any CPU.Build.0 = Release|Any CPU
		{A33B082B-0DCE-4EA9-ADBA-8341530A49F8}.Release|ARM.ActiveCfg = Release|Any CPU
		{A33B082B-0DCE-4EA9-ADBA-8341530A49F8}.Release|ARM.Build.0 = Release|Any CPU
		{A33B082B-0DCE-4EA9-ADBA-8341530A49F8}.Release|ARM64.ActiveCfg = Release|Any CPU
		{A33B082B-0DCE-4EA9-ADBA-8341530A49F8}.Release|ARM64.Build.0 = Release|Any CPU
		{A33B082B-0DCE-4EA9-ADBA-8341530A49F8}.Release|iPhone.ActiveCfg = Release|Any CPU
		{A33B082B-0DCE-4EA9-ADBA-8341530A49F8}.Release|iPhone.Build.0 = Release|Any CPU
		{A33B082B-0DCE-4EA9-ADBA-8341530A49F8}.Release|iPhoneSimulator.ActiveCfg = Release|Any CPU
		{A33B082B-0DCE-4EA9-ADBA-8341530A49F8}.Release|iPhoneSimulator.Build.0 = Release|Any CPU
		{A33B082B-0DCE-4EA9-ADBA-8341530A49F8}.Release|x64.ActiveCfg = Release|Any CPU
		{A33B082B-0DCE-4EA9-ADBA-8341530A49F8}.Release|x64.Build.0 = Release|Any CPU
		{A33B082B-0DCE-4EA9-ADBA-8341530A49F8}.Release|x86.ActiveCfg = Release|Any CPU
		{A33B082B-0DCE-4EA9-ADBA-8341530A49F8}.Release|x86.Build.0 = Release|Any CPU
		{AE5788AF-20BC-4ADC-BAAA-E830CA00F417}.Ad-Hoc|Any CPU.ActiveCfg = Release|Any CPU
		{AE5788AF-20BC-4ADC-BAAA-E830CA00F417}.Ad-Hoc|Any CPU.Build.0 = Release|Any CPU
		{AE5788AF-20BC-4ADC-BAAA-E830CA00F417}.Ad-Hoc|ARM.ActiveCfg = Release|Any CPU
		{AE5788AF-20BC-4ADC-BAAA-E830CA00F417}.Ad-Hoc|ARM.Build.0 = Release|Any CPU
		{AE5788AF-20BC-4ADC-BAAA-E830CA00F417}.Ad-Hoc|ARM64.ActiveCfg = Release|Any CPU
		{AE5788AF-20BC-4ADC-BAAA-E830CA00F417}.Ad-Hoc|ARM64.Build.0 = Release|Any CPU
		{AE5788AF-20BC-4ADC-BAAA-E830CA00F417}.Ad-Hoc|iPhone.ActiveCfg = Release|Any CPU
		{AE5788AF-20BC-4ADC-BAAA-E830CA00F417}.Ad-Hoc|iPhone.Build.0 = Release|Any CPU
		{AE5788AF-20BC-4ADC-BAAA-E830CA00F417}.Ad-Hoc|iPhoneSimulator.ActiveCfg = Release|Any CPU
		{AE5788AF-20BC-4ADC-BAAA-E830CA00F417}.Ad-Hoc|iPhoneSimulator.Build.0 = Release|Any CPU
		{AE5788AF-20BC-4ADC-BAAA-E830CA00F417}.Ad-Hoc|x64.ActiveCfg = Release|Any CPU
		{AE5788AF-20BC-4ADC-BAAA-E830CA00F417}.Ad-Hoc|x64.Build.0 = Release|Any CPU
		{AE5788AF-20BC-4ADC-BAAA-E830CA00F417}.Ad-Hoc|x86.ActiveCfg = Release|Any CPU
		{AE5788AF-20BC-4ADC-BAAA-E830CA00F417}.Ad-Hoc|x86.Build.0 = Release|Any CPU
		{AE5788AF-20BC-4ADC-BAAA-E830CA00F417}.AppStore|Any CPU.ActiveCfg = Release|Any CPU
		{AE5788AF-20BC-4ADC-BAAA-E830CA00F417}.AppStore|Any CPU.Build.0 = Release|Any CPU
		{AE5788AF-20BC-4ADC-BAAA-E830CA00F417}.AppStore|ARM.ActiveCfg = Release|Any CPU
		{AE5788AF-20BC-4ADC-BAAA-E830CA00F417}.AppStore|ARM.Build.0 = Release|Any CPU
		{AE5788AF-20BC-4ADC-BAAA-E830CA00F417}.AppStore|ARM64.ActiveCfg = Release|Any CPU
		{AE5788AF-20BC-4ADC-BAAA-E830CA00F417}.AppStore|ARM64.Build.0 = Release|Any CPU
		{AE5788AF-20BC-4ADC-BAAA-E830CA00F417}.AppStore|iPhone.ActiveCfg = Release|Any CPU
		{AE5788AF-20BC-4ADC-BAAA-E830CA00F417}.AppStore|iPhone.Build.0 = Release|Any CPU
		{AE5788AF-20BC-4ADC-BAAA-E830CA00F417}.AppStore|iPhoneSimulator.ActiveCfg = Release|Any CPU
		{AE5788AF-20BC-4ADC-BAAA-E830CA00F417}.AppStore|iPhoneSimulator.Build.0 = Release|Any CPU
		{AE5788AF-20BC-4ADC-BAAA-E830CA00F417}.AppStore|x64.ActiveCfg = Release|Any CPU
		{AE5788AF-20BC-4ADC-BAAA-E830CA00F417}.AppStore|x64.Build.0 = Release|Any CPU
		{AE5788AF-20BC-4ADC-BAAA-E830CA00F417}.AppStore|x86.ActiveCfg = Release|Any CPU
		{AE5788AF-20BC-4ADC-BAAA-E830CA00F417}.AppStore|x86.Build.0 = Release|Any CPU
		{AE5788AF-20BC-4ADC-BAAA-E830CA00F417}.Debug|Any CPU.ActiveCfg = Debug|Any CPU
		{AE5788AF-20BC-4ADC-BAAA-E830CA00F417}.Debug|Any CPU.Build.0 = Debug|Any CPU
		{AE5788AF-20BC-4ADC-BAAA-E830CA00F417}.Debug|ARM.ActiveCfg = Debug|Any CPU
		{AE5788AF-20BC-4ADC-BAAA-E830CA00F417}.Debug|ARM.Build.0 = Debug|Any CPU
		{AE5788AF-20BC-4ADC-BAAA-E830CA00F417}.Debug|ARM64.ActiveCfg = Debug|Any CPU
		{AE5788AF-20BC-4ADC-BAAA-E830CA00F417}.Debug|ARM64.Build.0 = Debug|Any CPU
		{AE5788AF-20BC-4ADC-BAAA-E830CA00F417}.Debug|iPhone.ActiveCfg = Debug|Any CPU
		{AE5788AF-20BC-4ADC-BAAA-E830CA00F417}.Debug|iPhone.Build.0 = Debug|Any CPU
		{AE5788AF-20BC-4ADC-BAAA-E830CA00F417}.Debug|iPhoneSimulator.ActiveCfg = Debug|Any CPU
		{AE5788AF-20BC-4ADC-BAAA-E830CA00F417}.Debug|iPhoneSimulator.Build.0 = Debug|Any CPU
		{AE5788AF-20BC-4ADC-BAAA-E830CA00F417}.Debug|x64.ActiveCfg = Debug|Any CPU
		{AE5788AF-20BC-4ADC-BAAA-E830CA00F417}.Debug|x64.Build.0 = Debug|Any CPU
		{AE5788AF-20BC-4ADC-BAAA-E830CA00F417}.Debug|x86.ActiveCfg = Debug|Any CPU
		{AE5788AF-20BC-4ADC-BAAA-E830CA00F417}.Debug|x86.Build.0 = Debug|Any CPU
		{AE5788AF-20BC-4ADC-BAAA-E830CA00F417}.Release|Any CPU.ActiveCfg = Release|Any CPU
		{AE5788AF-20BC-4ADC-BAAA-E830CA00F417}.Release|Any CPU.Build.0 = Release|Any CPU
		{AE5788AF-20BC-4ADC-BAAA-E830CA00F417}.Release|ARM.ActiveCfg = Release|Any CPU
		{AE5788AF-20BC-4ADC-BAAA-E830CA00F417}.Release|ARM.Build.0 = Release|Any CPU
		{AE5788AF-20BC-4ADC-BAAA-E830CA00F417}.Release|ARM64.ActiveCfg = Release|Any CPU
		{AE5788AF-20BC-4ADC-BAAA-E830CA00F417}.Release|ARM64.Build.0 = Release|Any CPU
		{AE5788AF-20BC-4ADC-BAAA-E830CA00F417}.Release|iPhone.ActiveCfg = Release|Any CPU
		{AE5788AF-20BC-4ADC-BAAA-E830CA00F417}.Release|iPhone.Build.0 = Release|Any CPU
		{AE5788AF-20BC-4ADC-BAAA-E830CA00F417}.Release|iPhoneSimulator.ActiveCfg = Release|Any CPU
		{AE5788AF-20BC-4ADC-BAAA-E830CA00F417}.Release|iPhoneSimulator.Build.0 = Release|Any CPU
		{AE5788AF-20BC-4ADC-BAAA-E830CA00F417}.Release|x64.ActiveCfg = Release|Any CPU
		{AE5788AF-20BC-4ADC-BAAA-E830CA00F417}.Release|x64.Build.0 = Release|Any CPU
		{AE5788AF-20BC-4ADC-BAAA-E830CA00F417}.Release|x86.ActiveCfg = Release|Any CPU
		{AE5788AF-20BC-4ADC-BAAA-E830CA00F417}.Release|x86.Build.0 = Release|Any CPU
		{84E764FF-38F4-432C-BF64-C42A71B57FAF}.Ad-Hoc|Any CPU.ActiveCfg = Debug|Any CPU
		{84E764FF-38F4-432C-BF64-C42A71B57FAF}.Ad-Hoc|Any CPU.Build.0 = Debug|Any CPU
		{84E764FF-38F4-432C-BF64-C42A71B57FAF}.Ad-Hoc|Any CPU.Deploy.0 = Debug|Any CPU
		{84E764FF-38F4-432C-BF64-C42A71B57FAF}.Ad-Hoc|ARM.ActiveCfg = Debug|Any CPU
		{84E764FF-38F4-432C-BF64-C42A71B57FAF}.Ad-Hoc|ARM.Build.0 = Debug|Any CPU
		{84E764FF-38F4-432C-BF64-C42A71B57FAF}.Ad-Hoc|ARM.Deploy.0 = Debug|Any CPU
		{84E764FF-38F4-432C-BF64-C42A71B57FAF}.Ad-Hoc|ARM64.ActiveCfg = Debug|Any CPU
		{84E764FF-38F4-432C-BF64-C42A71B57FAF}.Ad-Hoc|ARM64.Build.0 = Debug|Any CPU
		{84E764FF-38F4-432C-BF64-C42A71B57FAF}.Ad-Hoc|ARM64.Deploy.0 = Debug|Any CPU
		{84E764FF-38F4-432C-BF64-C42A71B57FAF}.Ad-Hoc|iPhone.ActiveCfg = Debug|Any CPU
		{84E764FF-38F4-432C-BF64-C42A71B57FAF}.Ad-Hoc|iPhone.Build.0 = Debug|Any CPU
		{84E764FF-38F4-432C-BF64-C42A71B57FAF}.Ad-Hoc|iPhone.Deploy.0 = Debug|Any CPU
		{84E764FF-38F4-432C-BF64-C42A71B57FAF}.Ad-Hoc|iPhoneSimulator.ActiveCfg = Debug|Any CPU
		{84E764FF-38F4-432C-BF64-C42A71B57FAF}.Ad-Hoc|iPhoneSimulator.Build.0 = Debug|Any CPU
		{84E764FF-38F4-432C-BF64-C42A71B57FAF}.Ad-Hoc|iPhoneSimulator.Deploy.0 = Debug|Any CPU
		{84E764FF-38F4-432C-BF64-C42A71B57FAF}.Ad-Hoc|x64.ActiveCfg = Debug|Any CPU
		{84E764FF-38F4-432C-BF64-C42A71B57FAF}.Ad-Hoc|x64.Build.0 = Debug|Any CPU
		{84E764FF-38F4-432C-BF64-C42A71B57FAF}.Ad-Hoc|x64.Deploy.0 = Debug|Any CPU
		{84E764FF-38F4-432C-BF64-C42A71B57FAF}.Ad-Hoc|x86.ActiveCfg = Debug|Any CPU
		{84E764FF-38F4-432C-BF64-C42A71B57FAF}.Ad-Hoc|x86.Build.0 = Debug|Any CPU
		{84E764FF-38F4-432C-BF64-C42A71B57FAF}.Ad-Hoc|x86.Deploy.0 = Debug|Any CPU
		{84E764FF-38F4-432C-BF64-C42A71B57FAF}.AppStore|Any CPU.ActiveCfg = Debug|Any CPU
		{84E764FF-38F4-432C-BF64-C42A71B57FAF}.AppStore|Any CPU.Build.0 = Debug|Any CPU
		{84E764FF-38F4-432C-BF64-C42A71B57FAF}.AppStore|Any CPU.Deploy.0 = Debug|Any CPU
		{84E764FF-38F4-432C-BF64-C42A71B57FAF}.AppStore|ARM.ActiveCfg = Debug|Any CPU
		{84E764FF-38F4-432C-BF64-C42A71B57FAF}.AppStore|ARM.Build.0 = Debug|Any CPU
		{84E764FF-38F4-432C-BF64-C42A71B57FAF}.AppStore|ARM.Deploy.0 = Debug|Any CPU
		{84E764FF-38F4-432C-BF64-C42A71B57FAF}.AppStore|ARM64.ActiveCfg = Debug|Any CPU
		{84E764FF-38F4-432C-BF64-C42A71B57FAF}.AppStore|ARM64.Build.0 = Debug|Any CPU
		{84E764FF-38F4-432C-BF64-C42A71B57FAF}.AppStore|ARM64.Deploy.0 = Debug|Any CPU
		{84E764FF-38F4-432C-BF64-C42A71B57FAF}.AppStore|iPhone.ActiveCfg = Debug|Any CPU
		{84E764FF-38F4-432C-BF64-C42A71B57FAF}.AppStore|iPhone.Build.0 = Debug|Any CPU
		{84E764FF-38F4-432C-BF64-C42A71B57FAF}.AppStore|iPhone.Deploy.0 = Debug|Any CPU
		{84E764FF-38F4-432C-BF64-C42A71B57FAF}.AppStore|iPhoneSimulator.ActiveCfg = Debug|Any CPU
		{84E764FF-38F4-432C-BF64-C42A71B57FAF}.AppStore|iPhoneSimulator.Build.0 = Debug|Any CPU
		{84E764FF-38F4-432C-BF64-C42A71B57FAF}.AppStore|iPhoneSimulator.Deploy.0 = Debug|Any CPU
		{84E764FF-38F4-432C-BF64-C42A71B57FAF}.AppStore|x64.ActiveCfg = Debug|Any CPU
		{84E764FF-38F4-432C-BF64-C42A71B57FAF}.AppStore|x64.Build.0 = Debug|Any CPU
		{84E764FF-38F4-432C-BF64-C42A71B57FAF}.AppStore|x64.Deploy.0 = Debug|Any CPU
		{84E764FF-38F4-432C-BF64-C42A71B57FAF}.AppStore|x86.ActiveCfg = Debug|Any CPU
		{84E764FF-38F4-432C-BF64-C42A71B57FAF}.AppStore|x86.Build.0 = Debug|Any CPU
		{84E764FF-38F4-432C-BF64-C42A71B57FAF}.AppStore|x86.Deploy.0 = Debug|Any CPU
		{84E764FF-38F4-432C-BF64-C42A71B57FAF}.Debug|Any CPU.ActiveCfg = Debug|Any CPU
		{84E764FF-38F4-432C-BF64-C42A71B57FAF}.Debug|Any CPU.Build.0 = Debug|Any CPU
		{84E764FF-38F4-432C-BF64-C42A71B57FAF}.Debug|Any CPU.Deploy.0 = Debug|Any CPU
		{84E764FF-38F4-432C-BF64-C42A71B57FAF}.Debug|ARM.ActiveCfg = Debug|Any CPU
		{84E764FF-38F4-432C-BF64-C42A71B57FAF}.Debug|ARM.Build.0 = Debug|Any CPU
		{84E764FF-38F4-432C-BF64-C42A71B57FAF}.Debug|ARM.Deploy.0 = Debug|Any CPU
		{84E764FF-38F4-432C-BF64-C42A71B57FAF}.Debug|ARM64.ActiveCfg = Debug|Any CPU
		{84E764FF-38F4-432C-BF64-C42A71B57FAF}.Debug|ARM64.Build.0 = Debug|Any CPU
		{84E764FF-38F4-432C-BF64-C42A71B57FAF}.Debug|ARM64.Deploy.0 = Debug|Any CPU
		{84E764FF-38F4-432C-BF64-C42A71B57FAF}.Debug|iPhone.ActiveCfg = Debug|Any CPU
		{84E764FF-38F4-432C-BF64-C42A71B57FAF}.Debug|iPhone.Build.0 = Debug|Any CPU
		{84E764FF-38F4-432C-BF64-C42A71B57FAF}.Debug|iPhone.Deploy.0 = Debug|Any CPU
		{84E764FF-38F4-432C-BF64-C42A71B57FAF}.Debug|iPhoneSimulator.ActiveCfg = Debug|Any CPU
		{84E764FF-38F4-432C-BF64-C42A71B57FAF}.Debug|iPhoneSimulator.Build.0 = Debug|Any CPU
		{84E764FF-38F4-432C-BF64-C42A71B57FAF}.Debug|iPhoneSimulator.Deploy.0 = Debug|Any CPU
		{84E764FF-38F4-432C-BF64-C42A71B57FAF}.Debug|x64.ActiveCfg = Debug|Any CPU
		{84E764FF-38F4-432C-BF64-C42A71B57FAF}.Debug|x64.Build.0 = Debug|Any CPU
		{84E764FF-38F4-432C-BF64-C42A71B57FAF}.Debug|x64.Deploy.0 = Debug|Any CPU
		{84E764FF-38F4-432C-BF64-C42A71B57FAF}.Debug|x86.ActiveCfg = Debug|Any CPU
		{84E764FF-38F4-432C-BF64-C42A71B57FAF}.Debug|x86.Build.0 = Debug|Any CPU
		{84E764FF-38F4-432C-BF64-C42A71B57FAF}.Debug|x86.Deploy.0 = Debug|Any CPU
		{84E764FF-38F4-432C-BF64-C42A71B57FAF}.Release|Any CPU.ActiveCfg = Release|Any CPU
		{84E764FF-38F4-432C-BF64-C42A71B57FAF}.Release|Any CPU.Build.0 = Release|Any CPU
		{84E764FF-38F4-432C-BF64-C42A71B57FAF}.Release|Any CPU.Deploy.0 = Release|Any CPU
		{84E764FF-38F4-432C-BF64-C42A71B57FAF}.Release|ARM.ActiveCfg = Release|Any CPU
		{84E764FF-38F4-432C-BF64-C42A71B57FAF}.Release|ARM.Build.0 = Release|Any CPU
		{84E764FF-38F4-432C-BF64-C42A71B57FAF}.Release|ARM.Deploy.0 = Release|Any CPU
		{84E764FF-38F4-432C-BF64-C42A71B57FAF}.Release|ARM64.ActiveCfg = Release|Any CPU
		{84E764FF-38F4-432C-BF64-C42A71B57FAF}.Release|ARM64.Build.0 = Release|Any CPU
		{84E764FF-38F4-432C-BF64-C42A71B57FAF}.Release|ARM64.Deploy.0 = Release|Any CPU
		{84E764FF-38F4-432C-BF64-C42A71B57FAF}.Release|iPhone.ActiveCfg = Release|Any CPU
		{84E764FF-38F4-432C-BF64-C42A71B57FAF}.Release|iPhone.Build.0 = Release|Any CPU
		{84E764FF-38F4-432C-BF64-C42A71B57FAF}.Release|iPhone.Deploy.0 = Release|Any CPU
		{84E764FF-38F4-432C-BF64-C42A71B57FAF}.Release|iPhoneSimulator.ActiveCfg = Release|Any CPU
		{84E764FF-38F4-432C-BF64-C42A71B57FAF}.Release|iPhoneSimulator.Build.0 = Release|Any CPU
		{84E764FF-38F4-432C-BF64-C42A71B57FAF}.Release|iPhoneSimulator.Deploy.0 = Release|Any CPU
		{84E764FF-38F4-432C-BF64-C42A71B57FAF}.Release|x64.ActiveCfg = Release|Any CPU
		{84E764FF-38F4-432C-BF64-C42A71B57FAF}.Release|x64.Build.0 = Release|Any CPU
		{84E764FF-38F4-432C-BF64-C42A71B57FAF}.Release|x64.Deploy.0 = Release|Any CPU
		{84E764FF-38F4-432C-BF64-C42A71B57FAF}.Release|x86.ActiveCfg = Release|Any CPU
		{84E764FF-38F4-432C-BF64-C42A71B57FAF}.Release|x86.Build.0 = Release|Any CPU
		{84E764FF-38F4-432C-BF64-C42A71B57FAF}.Release|x86.Deploy.0 = Release|Any CPU
		{560DE621-937B-40AB-BF0C-EB636002A75B}.Ad-Hoc|Any CPU.ActiveCfg = Ad-Hoc|iPhoneSimulator
		{560DE621-937B-40AB-BF0C-EB636002A75B}.Ad-Hoc|ARM.ActiveCfg = Ad-Hoc|iPhoneSimulator
		{560DE621-937B-40AB-BF0C-EB636002A75B}.Ad-Hoc|ARM64.ActiveCfg = Ad-Hoc|iPhoneSimulator
		{560DE621-937B-40AB-BF0C-EB636002A75B}.Ad-Hoc|iPhone.ActiveCfg = Ad-Hoc|iPhone
		{560DE621-937B-40AB-BF0C-EB636002A75B}.Ad-Hoc|iPhone.Build.0 = Ad-Hoc|iPhone
		{560DE621-937B-40AB-BF0C-EB636002A75B}.Ad-Hoc|iPhoneSimulator.ActiveCfg = Ad-Hoc|iPhoneSimulator
		{560DE621-937B-40AB-BF0C-EB636002A75B}.Ad-Hoc|iPhoneSimulator.Build.0 = Ad-Hoc|iPhoneSimulator
		{560DE621-937B-40AB-BF0C-EB636002A75B}.Ad-Hoc|x64.ActiveCfg = Ad-Hoc|iPhoneSimulator
		{560DE621-937B-40AB-BF0C-EB636002A75B}.Ad-Hoc|x86.ActiveCfg = Ad-Hoc|iPhoneSimulator
		{560DE621-937B-40AB-BF0C-EB636002A75B}.AppStore|Any CPU.ActiveCfg = AppStore|iPhoneSimulator
		{560DE621-937B-40AB-BF0C-EB636002A75B}.AppStore|ARM.ActiveCfg = AppStore|iPhoneSimulator
		{560DE621-937B-40AB-BF0C-EB636002A75B}.AppStore|ARM64.ActiveCfg = AppStore|iPhoneSimulator
		{560DE621-937B-40AB-BF0C-EB636002A75B}.AppStore|iPhone.ActiveCfg = AppStore|iPhone
		{560DE621-937B-40AB-BF0C-EB636002A75B}.AppStore|iPhone.Build.0 = AppStore|iPhone
		{560DE621-937B-40AB-BF0C-EB636002A75B}.AppStore|iPhoneSimulator.ActiveCfg = AppStore|iPhoneSimulator
		{560DE621-937B-40AB-BF0C-EB636002A75B}.AppStore|iPhoneSimulator.Build.0 = AppStore|iPhoneSimulator
		{560DE621-937B-40AB-BF0C-EB636002A75B}.AppStore|x64.ActiveCfg = AppStore|iPhoneSimulator
		{560DE621-937B-40AB-BF0C-EB636002A75B}.AppStore|x86.ActiveCfg = AppStore|iPhoneSimulator
		{560DE621-937B-40AB-BF0C-EB636002A75B}.Debug|Any CPU.ActiveCfg = Debug|iPhoneSimulator
		{560DE621-937B-40AB-BF0C-EB636002A75B}.Debug|ARM.ActiveCfg = Debug|iPhoneSimulator
		{560DE621-937B-40AB-BF0C-EB636002A75B}.Debug|ARM64.ActiveCfg = Debug|iPhoneSimulator
		{560DE621-937B-40AB-BF0C-EB636002A75B}.Debug|iPhone.ActiveCfg = Debug|iPhone
		{560DE621-937B-40AB-BF0C-EB636002A75B}.Debug|iPhone.Build.0 = Debug|iPhone
		{560DE621-937B-40AB-BF0C-EB636002A75B}.Debug|iPhoneSimulator.ActiveCfg = Debug|iPhoneSimulator
		{560DE621-937B-40AB-BF0C-EB636002A75B}.Debug|iPhoneSimulator.Build.0 = Debug|iPhoneSimulator
		{560DE621-937B-40AB-BF0C-EB636002A75B}.Debug|x64.ActiveCfg = Debug|iPhoneSimulator
		{560DE621-937B-40AB-BF0C-EB636002A75B}.Debug|x86.ActiveCfg = Debug|iPhoneSimulator
		{560DE621-937B-40AB-BF0C-EB636002A75B}.Release|Any CPU.ActiveCfg = Release|iPhoneSimulator
		{560DE621-937B-40AB-BF0C-EB636002A75B}.Release|ARM.ActiveCfg = Release|iPhoneSimulator
		{560DE621-937B-40AB-BF0C-EB636002A75B}.Release|ARM64.ActiveCfg = Release|iPhoneSimulator
		{560DE621-937B-40AB-BF0C-EB636002A75B}.Release|iPhone.ActiveCfg = Release|iPhone
		{560DE621-937B-40AB-BF0C-EB636002A75B}.Release|iPhone.Build.0 = Release|iPhone
		{560DE621-937B-40AB-BF0C-EB636002A75B}.Release|iPhoneSimulator.ActiveCfg = Release|iPhoneSimulator
		{560DE621-937B-40AB-BF0C-EB636002A75B}.Release|iPhoneSimulator.Build.0 = Release|iPhoneSimulator
		{560DE621-937B-40AB-BF0C-EB636002A75B}.Release|x64.ActiveCfg = Release|iPhoneSimulator
		{560DE621-937B-40AB-BF0C-EB636002A75B}.Release|x86.ActiveCfg = Release|iPhoneSimulator
		{0544668D-6E08-4820-981F-282F3094B74A}.Ad-Hoc|Any CPU.ActiveCfg = Debug|x86
		{0544668D-6E08-4820-981F-282F3094B74A}.Ad-Hoc|Any CPU.Build.0 = Debug|x86
		{0544668D-6E08-4820-981F-282F3094B74A}.Ad-Hoc|Any CPU.Deploy.0 = Debug|x86
		{0544668D-6E08-4820-981F-282F3094B74A}.Ad-Hoc|ARM.ActiveCfg = Debug|ARM
		{0544668D-6E08-4820-981F-282F3094B74A}.Ad-Hoc|ARM.Build.0 = Debug|ARM
		{0544668D-6E08-4820-981F-282F3094B74A}.Ad-Hoc|ARM.Deploy.0 = Debug|ARM
		{0544668D-6E08-4820-981F-282F3094B74A}.Ad-Hoc|ARM64.ActiveCfg = Debug|ARM64
		{0544668D-6E08-4820-981F-282F3094B74A}.Ad-Hoc|ARM64.Build.0 = Debug|ARM64
		{0544668D-6E08-4820-981F-282F3094B74A}.Ad-Hoc|ARM64.Deploy.0 = Debug|ARM64
		{0544668D-6E08-4820-981F-282F3094B74A}.Ad-Hoc|iPhone.ActiveCfg = Debug|x86
		{0544668D-6E08-4820-981F-282F3094B74A}.Ad-Hoc|iPhone.Build.0 = Debug|x86
		{0544668D-6E08-4820-981F-282F3094B74A}.Ad-Hoc|iPhone.Deploy.0 = Debug|x86
		{0544668D-6E08-4820-981F-282F3094B74A}.Ad-Hoc|iPhoneSimulator.ActiveCfg = Debug|x86
		{0544668D-6E08-4820-981F-282F3094B74A}.Ad-Hoc|iPhoneSimulator.Build.0 = Debug|x86
		{0544668D-6E08-4820-981F-282F3094B74A}.Ad-Hoc|iPhoneSimulator.Deploy.0 = Debug|x86
		{0544668D-6E08-4820-981F-282F3094B74A}.Ad-Hoc|x64.ActiveCfg = Debug|x64
		{0544668D-6E08-4820-981F-282F3094B74A}.Ad-Hoc|x64.Build.0 = Debug|x64
		{0544668D-6E08-4820-981F-282F3094B74A}.Ad-Hoc|x64.Deploy.0 = Debug|x64
		{0544668D-6E08-4820-981F-282F3094B74A}.Ad-Hoc|x86.ActiveCfg = Debug|x86
		{0544668D-6E08-4820-981F-282F3094B74A}.Ad-Hoc|x86.Build.0 = Debug|x86
		{0544668D-6E08-4820-981F-282F3094B74A}.Ad-Hoc|x86.Deploy.0 = Debug|x86
		{0544668D-6E08-4820-981F-282F3094B74A}.AppStore|Any CPU.ActiveCfg = Debug|x86
		{0544668D-6E08-4820-981F-282F3094B74A}.AppStore|Any CPU.Build.0 = Debug|x86
		{0544668D-6E08-4820-981F-282F3094B74A}.AppStore|Any CPU.Deploy.0 = Debug|x86
		{0544668D-6E08-4820-981F-282F3094B74A}.AppStore|ARM.ActiveCfg = Debug|ARM
		{0544668D-6E08-4820-981F-282F3094B74A}.AppStore|ARM.Build.0 = Debug|ARM
		{0544668D-6E08-4820-981F-282F3094B74A}.AppStore|ARM.Deploy.0 = Debug|ARM
		{0544668D-6E08-4820-981F-282F3094B74A}.AppStore|ARM64.ActiveCfg = Debug|ARM64
		{0544668D-6E08-4820-981F-282F3094B74A}.AppStore|ARM64.Build.0 = Debug|ARM64
		{0544668D-6E08-4820-981F-282F3094B74A}.AppStore|ARM64.Deploy.0 = Debug|ARM64
		{0544668D-6E08-4820-981F-282F3094B74A}.AppStore|iPhone.ActiveCfg = Debug|x86
		{0544668D-6E08-4820-981F-282F3094B74A}.AppStore|iPhone.Build.0 = Debug|x86
		{0544668D-6E08-4820-981F-282F3094B74A}.AppStore|iPhone.Deploy.0 = Debug|x86
		{0544668D-6E08-4820-981F-282F3094B74A}.AppStore|iPhoneSimulator.ActiveCfg = Debug|x86
		{0544668D-6E08-4820-981F-282F3094B74A}.AppStore|iPhoneSimulator.Build.0 = Debug|x86
		{0544668D-6E08-4820-981F-282F3094B74A}.AppStore|iPhoneSimulator.Deploy.0 = Debug|x86
		{0544668D-6E08-4820-981F-282F3094B74A}.AppStore|x64.ActiveCfg = Debug|x64
		{0544668D-6E08-4820-981F-282F3094B74A}.AppStore|x64.Build.0 = Debug|x64
		{0544668D-6E08-4820-981F-282F3094B74A}.AppStore|x64.Deploy.0 = Debug|x64
		{0544668D-6E08-4820-981F-282F3094B74A}.AppStore|x86.ActiveCfg = Debug|x86
		{0544668D-6E08-4820-981F-282F3094B74A}.AppStore|x86.Build.0 = Debug|x86
		{0544668D-6E08-4820-981F-282F3094B74A}.AppStore|x86.Deploy.0 = Debug|x86
		{0544668D-6E08-4820-981F-282F3094B74A}.Debug|Any CPU.ActiveCfg = Debug|x86
		{0544668D-6E08-4820-981F-282F3094B74A}.Debug|Any CPU.Build.0 = Debug|x86
		{0544668D-6E08-4820-981F-282F3094B74A}.Debug|Any CPU.Deploy.0 = Debug|x86
		{0544668D-6E08-4820-981F-282F3094B74A}.Debug|ARM.ActiveCfg = Debug|ARM
		{0544668D-6E08-4820-981F-282F3094B74A}.Debug|ARM.Build.0 = Debug|ARM
		{0544668D-6E08-4820-981F-282F3094B74A}.Debug|ARM.Deploy.0 = Debug|ARM
		{0544668D-6E08-4820-981F-282F3094B74A}.Debug|ARM64.ActiveCfg = Debug|ARM64
		{0544668D-6E08-4820-981F-282F3094B74A}.Debug|ARM64.Build.0 = Debug|ARM64
		{0544668D-6E08-4820-981F-282F3094B74A}.Debug|ARM64.Deploy.0 = Debug|ARM64
		{0544668D-6E08-4820-981F-282F3094B74A}.Debug|iPhone.ActiveCfg = Debug|x86
		{0544668D-6E08-4820-981F-282F3094B74A}.Debug|iPhoneSimulator.ActiveCfg = Debug|x86
		{0544668D-6E08-4820-981F-282F3094B74A}.Debug|x64.ActiveCfg = Debug|x64
		{0544668D-6E08-4820-981F-282F3094B74A}.Debug|x64.Build.0 = Debug|x64
		{0544668D-6E08-4820-981F-282F3094B74A}.Debug|x64.Deploy.0 = Debug|x64
		{0544668D-6E08-4820-981F-282F3094B74A}.Debug|x86.ActiveCfg = Debug|x86
		{0544668D-6E08-4820-981F-282F3094B74A}.Debug|x86.Build.0 = Debug|x86
		{0544668D-6E08-4820-981F-282F3094B74A}.Debug|x86.Deploy.0 = Debug|x86
		{0544668D-6E08-4820-981F-282F3094B74A}.Release|Any CPU.ActiveCfg = Release|x86
		{0544668D-6E08-4820-981F-282F3094B74A}.Release|ARM.ActiveCfg = Release|ARM
		{0544668D-6E08-4820-981F-282F3094B74A}.Release|ARM.Build.0 = Release|ARM
		{0544668D-6E08-4820-981F-282F3094B74A}.Release|ARM.Deploy.0 = Release|ARM
		{0544668D-6E08-4820-981F-282F3094B74A}.Release|ARM64.ActiveCfg = Release|ARM64
		{0544668D-6E08-4820-981F-282F3094B74A}.Release|ARM64.Build.0 = Release|ARM64
		{0544668D-6E08-4820-981F-282F3094B74A}.Release|ARM64.Deploy.0 = Release|ARM64
		{0544668D-6E08-4820-981F-282F3094B74A}.Release|iPhone.ActiveCfg = Release|x86
		{0544668D-6E08-4820-981F-282F3094B74A}.Release|iPhoneSimulator.ActiveCfg = Release|x86
		{0544668D-6E08-4820-981F-282F3094B74A}.Release|x64.ActiveCfg = Release|x64
		{0544668D-6E08-4820-981F-282F3094B74A}.Release|x64.Build.0 = Release|x64
		{0544668D-6E08-4820-981F-282F3094B74A}.Release|x64.Deploy.0 = Release|x64
		{0544668D-6E08-4820-981F-282F3094B74A}.Release|x86.ActiveCfg = Release|x86
		{0544668D-6E08-4820-981F-282F3094B74A}.Release|x86.Build.0 = Release|x86
		{0544668D-6E08-4820-981F-282F3094B74A}.Release|x86.Deploy.0 = Release|x86
		{EFA359AF-2710-4F3B-AA80-F9C080577D70}.Ad-Hoc|Any CPU.ActiveCfg = Debug|Any CPU
		{EFA359AF-2710-4F3B-AA80-F9C080577D70}.Ad-Hoc|Any CPU.Build.0 = Debug|Any CPU
		{EFA359AF-2710-4F3B-AA80-F9C080577D70}.Ad-Hoc|ARM.ActiveCfg = Debug|Any CPU
		{EFA359AF-2710-4F3B-AA80-F9C080577D70}.Ad-Hoc|ARM.Build.0 = Debug|Any CPU
		{EFA359AF-2710-4F3B-AA80-F9C080577D70}.Ad-Hoc|ARM64.ActiveCfg = Debug|Any CPU
		{EFA359AF-2710-4F3B-AA80-F9C080577D70}.Ad-Hoc|ARM64.Build.0 = Debug|Any CPU
		{EFA359AF-2710-4F3B-AA80-F9C080577D70}.Ad-Hoc|iPhone.ActiveCfg = Debug|Any CPU
		{EFA359AF-2710-4F3B-AA80-F9C080577D70}.Ad-Hoc|iPhone.Build.0 = Debug|Any CPU
		{EFA359AF-2710-4F3B-AA80-F9C080577D70}.Ad-Hoc|iPhoneSimulator.ActiveCfg = Debug|Any CPU
		{EFA359AF-2710-4F3B-AA80-F9C080577D70}.Ad-Hoc|iPhoneSimulator.Build.0 = Debug|Any CPU
		{EFA359AF-2710-4F3B-AA80-F9C080577D70}.Ad-Hoc|x64.ActiveCfg = Debug|Any CPU
		{EFA359AF-2710-4F3B-AA80-F9C080577D70}.Ad-Hoc|x64.Build.0 = Debug|Any CPU
		{EFA359AF-2710-4F3B-AA80-F9C080577D70}.Ad-Hoc|x86.ActiveCfg = Debug|Any CPU
		{EFA359AF-2710-4F3B-AA80-F9C080577D70}.Ad-Hoc|x86.Build.0 = Debug|Any CPU
		{EFA359AF-2710-4F3B-AA80-F9C080577D70}.AppStore|Any CPU.ActiveCfg = Debug|Any CPU
		{EFA359AF-2710-4F3B-AA80-F9C080577D70}.AppStore|Any CPU.Build.0 = Debug|Any CPU
		{EFA359AF-2710-4F3B-AA80-F9C080577D70}.AppStore|ARM.ActiveCfg = Debug|Any CPU
		{EFA359AF-2710-4F3B-AA80-F9C080577D70}.AppStore|ARM.Build.0 = Debug|Any CPU
		{EFA359AF-2710-4F3B-AA80-F9C080577D70}.AppStore|ARM64.ActiveCfg = Debug|Any CPU
		{EFA359AF-2710-4F3B-AA80-F9C080577D70}.AppStore|ARM64.Build.0 = Debug|Any CPU
		{EFA359AF-2710-4F3B-AA80-F9C080577D70}.AppStore|iPhone.ActiveCfg = Debug|Any CPU
		{EFA359AF-2710-4F3B-AA80-F9C080577D70}.AppStore|iPhone.Build.0 = Debug|Any CPU
		{EFA359AF-2710-4F3B-AA80-F9C080577D70}.AppStore|iPhoneSimulator.ActiveCfg = Debug|Any CPU
		{EFA359AF-2710-4F3B-AA80-F9C080577D70}.AppStore|iPhoneSimulator.Build.0 = Debug|Any CPU
		{EFA359AF-2710-4F3B-AA80-F9C080577D70}.AppStore|x64.ActiveCfg = Debug|Any CPU
		{EFA359AF-2710-4F3B-AA80-F9C080577D70}.AppStore|x64.Build.0 = Debug|Any CPU
		{EFA359AF-2710-4F3B-AA80-F9C080577D70}.AppStore|x86.ActiveCfg = Debug|Any CPU
		{EFA359AF-2710-4F3B-AA80-F9C080577D70}.AppStore|x86.Build.0 = Debug|Any CPU
		{EFA359AF-2710-4F3B-AA80-F9C080577D70}.Debug|Any CPU.ActiveCfg = Debug|Any CPU
		{EFA359AF-2710-4F3B-AA80-F9C080577D70}.Debug|Any CPU.Build.0 = Debug|Any CPU
		{EFA359AF-2710-4F3B-AA80-F9C080577D70}.Debug|ARM.ActiveCfg = Debug|Any CPU
		{EFA359AF-2710-4F3B-AA80-F9C080577D70}.Debug|ARM.Build.0 = Debug|Any CPU
		{EFA359AF-2710-4F3B-AA80-F9C080577D70}.Debug|ARM64.ActiveCfg = Debug|Any CPU
		{EFA359AF-2710-4F3B-AA80-F9C080577D70}.Debug|ARM64.Build.0 = Debug|Any CPU
		{EFA359AF-2710-4F3B-AA80-F9C080577D70}.Debug|iPhone.ActiveCfg = Debug|Any CPU
		{EFA359AF-2710-4F3B-AA80-F9C080577D70}.Debug|iPhone.Build.0 = Debug|Any CPU
		{EFA359AF-2710-4F3B-AA80-F9C080577D70}.Debug|iPhoneSimulator.ActiveCfg = Debug|Any CPU
		{EFA359AF-2710-4F3B-AA80-F9C080577D70}.Debug|iPhoneSimulator.Build.0 = Debug|Any CPU
		{EFA359AF-2710-4F3B-AA80-F9C080577D70}.Debug|x64.ActiveCfg = Debug|Any CPU
		{EFA359AF-2710-4F3B-AA80-F9C080577D70}.Debug|x64.Build.0 = Debug|Any CPU
		{EFA359AF-2710-4F3B-AA80-F9C080577D70}.Debug|x86.ActiveCfg = Debug|Any CPU
		{EFA359AF-2710-4F3B-AA80-F9C080577D70}.Debug|x86.Build.0 = Debug|Any CPU
		{EFA359AF-2710-4F3B-AA80-F9C080577D70}.Release|Any CPU.ActiveCfg = Release|Any CPU
		{EFA359AF-2710-4F3B-AA80-F9C080577D70}.Release|Any CPU.Build.0 = Release|Any CPU
		{EFA359AF-2710-4F3B-AA80-F9C080577D70}.Release|ARM.ActiveCfg = Release|Any CPU
		{EFA359AF-2710-4F3B-AA80-F9C080577D70}.Release|ARM.Build.0 = Release|Any CPU
		{EFA359AF-2710-4F3B-AA80-F9C080577D70}.Release|ARM64.ActiveCfg = Release|Any CPU
		{EFA359AF-2710-4F3B-AA80-F9C080577D70}.Release|ARM64.Build.0 = Release|Any CPU
		{EFA359AF-2710-4F3B-AA80-F9C080577D70}.Release|iPhone.ActiveCfg = Release|Any CPU
		{EFA359AF-2710-4F3B-AA80-F9C080577D70}.Release|iPhone.Build.0 = Release|Any CPU
		{EFA359AF-2710-4F3B-AA80-F9C080577D70}.Release|iPhoneSimulator.ActiveCfg = Release|Any CPU
		{EFA359AF-2710-4F3B-AA80-F9C080577D70}.Release|iPhoneSimulator.Build.0 = Release|Any CPU
		{EFA359AF-2710-4F3B-AA80-F9C080577D70}.Release|x64.ActiveCfg = Release|Any CPU
		{EFA359AF-2710-4F3B-AA80-F9C080577D70}.Release|x64.Build.0 = Release|Any CPU
		{EFA359AF-2710-4F3B-AA80-F9C080577D70}.Release|x86.ActiveCfg = Release|Any CPU
		{EFA359AF-2710-4F3B-AA80-F9C080577D70}.Release|x86.Build.0 = Release|Any CPU
		{1247D57C-5BA5-4E80-9D55-560480239A9F}.Ad-Hoc|Any CPU.ActiveCfg = Debug|iPhoneSimulator
		{1247D57C-5BA5-4E80-9D55-560480239A9F}.Ad-Hoc|Any CPU.Build.0 = Debug|iPhoneSimulator
		{1247D57C-5BA5-4E80-9D55-560480239A9F}.Ad-Hoc|ARM.ActiveCfg = Debug|iPhoneSimulator
		{1247D57C-5BA5-4E80-9D55-560480239A9F}.Ad-Hoc|ARM.Build.0 = Debug|iPhoneSimulator
		{1247D57C-5BA5-4E80-9D55-560480239A9F}.Ad-Hoc|ARM64.ActiveCfg = Debug|iPhoneSimulator
		{1247D57C-5BA5-4E80-9D55-560480239A9F}.Ad-Hoc|ARM64.Build.0 = Debug|iPhoneSimulator
		{1247D57C-5BA5-4E80-9D55-560480239A9F}.Ad-Hoc|iPhone.ActiveCfg = Debug|iPhoneSimulator
		{1247D57C-5BA5-4E80-9D55-560480239A9F}.Ad-Hoc|iPhone.Build.0 = Debug|iPhoneSimulator
		{1247D57C-5BA5-4E80-9D55-560480239A9F}.Ad-Hoc|iPhoneSimulator.ActiveCfg = Debug|iPhoneSimulator
		{1247D57C-5BA5-4E80-9D55-560480239A9F}.Ad-Hoc|iPhoneSimulator.Build.0 = Debug|iPhoneSimulator
		{1247D57C-5BA5-4E80-9D55-560480239A9F}.Ad-Hoc|x64.ActiveCfg = Debug|iPhoneSimulator
		{1247D57C-5BA5-4E80-9D55-560480239A9F}.Ad-Hoc|x64.Build.0 = Debug|iPhoneSimulator
		{1247D57C-5BA5-4E80-9D55-560480239A9F}.Ad-Hoc|x86.ActiveCfg = Debug|iPhoneSimulator
		{1247D57C-5BA5-4E80-9D55-560480239A9F}.Ad-Hoc|x86.Build.0 = Debug|iPhoneSimulator
		{1247D57C-5BA5-4E80-9D55-560480239A9F}.AppStore|Any CPU.ActiveCfg = Debug|iPhoneSimulator
		{1247D57C-5BA5-4E80-9D55-560480239A9F}.AppStore|Any CPU.Build.0 = Debug|iPhoneSimulator
		{1247D57C-5BA5-4E80-9D55-560480239A9F}.AppStore|ARM.ActiveCfg = Debug|iPhoneSimulator
		{1247D57C-5BA5-4E80-9D55-560480239A9F}.AppStore|ARM.Build.0 = Debug|iPhoneSimulator
		{1247D57C-5BA5-4E80-9D55-560480239A9F}.AppStore|ARM64.ActiveCfg = Debug|iPhoneSimulator
		{1247D57C-5BA5-4E80-9D55-560480239A9F}.AppStore|ARM64.Build.0 = Debug|iPhoneSimulator
		{1247D57C-5BA5-4E80-9D55-560480239A9F}.AppStore|iPhone.ActiveCfg = Debug|iPhoneSimulator
		{1247D57C-5BA5-4E80-9D55-560480239A9F}.AppStore|iPhone.Build.0 = Debug|iPhoneSimulator
		{1247D57C-5BA5-4E80-9D55-560480239A9F}.AppStore|iPhoneSimulator.ActiveCfg = Debug|iPhoneSimulator
		{1247D57C-5BA5-4E80-9D55-560480239A9F}.AppStore|iPhoneSimulator.Build.0 = Debug|iPhoneSimulator
		{1247D57C-5BA5-4E80-9D55-560480239A9F}.AppStore|x64.ActiveCfg = Debug|iPhoneSimulator
		{1247D57C-5BA5-4E80-9D55-560480239A9F}.AppStore|x64.Build.0 = Debug|iPhoneSimulator
		{1247D57C-5BA5-4E80-9D55-560480239A9F}.AppStore|x86.ActiveCfg = Debug|iPhoneSimulator
		{1247D57C-5BA5-4E80-9D55-560480239A9F}.AppStore|x86.Build.0 = Debug|iPhoneSimulator
		{1247D57C-5BA5-4E80-9D55-560480239A9F}.Debug|Any CPU.ActiveCfg = Debug|iPhoneSimulator
		{1247D57C-5BA5-4E80-9D55-560480239A9F}.Debug|ARM.ActiveCfg = Debug|iPhoneSimulator
		{1247D57C-5BA5-4E80-9D55-560480239A9F}.Debug|ARM64.ActiveCfg = Debug|iPhoneSimulator
		{1247D57C-5BA5-4E80-9D55-560480239A9F}.Debug|iPhone.ActiveCfg = Debug|iPhoneSimulator
		{1247D57C-5BA5-4E80-9D55-560480239A9F}.Debug|iPhoneSimulator.ActiveCfg = Debug|iPhoneSimulator
		{1247D57C-5BA5-4E80-9D55-560480239A9F}.Debug|iPhoneSimulator.Build.0 = Debug|iPhoneSimulator
		{1247D57C-5BA5-4E80-9D55-560480239A9F}.Debug|x64.ActiveCfg = Debug|iPhoneSimulator
		{1247D57C-5BA5-4E80-9D55-560480239A9F}.Debug|x86.ActiveCfg = Debug|iPhoneSimulator
		{1247D57C-5BA5-4E80-9D55-560480239A9F}.Release|Any CPU.ActiveCfg = Release|iPhoneSimulator
		{1247D57C-5BA5-4E80-9D55-560480239A9F}.Release|ARM.ActiveCfg = Release|iPhoneSimulator
		{1247D57C-5BA5-4E80-9D55-560480239A9F}.Release|ARM64.ActiveCfg = Release|iPhoneSimulator
		{1247D57C-5BA5-4E80-9D55-560480239A9F}.Release|iPhone.ActiveCfg = Release|iPhoneSimulator
		{1247D57C-5BA5-4E80-9D55-560480239A9F}.Release|iPhoneSimulator.ActiveCfg = Release|iPhoneSimulator
		{1247D57C-5BA5-4E80-9D55-560480239A9F}.Release|iPhoneSimulator.Build.0 = Release|iPhoneSimulator
		{1247D57C-5BA5-4E80-9D55-560480239A9F}.Release|x64.ActiveCfg = Release|iPhoneSimulator
		{1247D57C-5BA5-4E80-9D55-560480239A9F}.Release|x86.ActiveCfg = Release|iPhoneSimulator
		{4995E6DC-926B-4581-8EFC-FC5EB3E6DFE0}.Ad-Hoc|Any CPU.ActiveCfg = Debug|Any CPU
		{4995E6DC-926B-4581-8EFC-FC5EB3E6DFE0}.Ad-Hoc|Any CPU.Build.0 = Debug|Any CPU
		{4995E6DC-926B-4581-8EFC-FC5EB3E6DFE0}.Ad-Hoc|ARM.ActiveCfg = Debug|Any CPU
		{4995E6DC-926B-4581-8EFC-FC5EB3E6DFE0}.Ad-Hoc|ARM.Build.0 = Debug|Any CPU
		{4995E6DC-926B-4581-8EFC-FC5EB3E6DFE0}.Ad-Hoc|ARM64.ActiveCfg = Debug|Any CPU
		{4995E6DC-926B-4581-8EFC-FC5EB3E6DFE0}.Ad-Hoc|ARM64.Build.0 = Debug|Any CPU
		{4995E6DC-926B-4581-8EFC-FC5EB3E6DFE0}.Ad-Hoc|iPhone.ActiveCfg = Debug|Any CPU
		{4995E6DC-926B-4581-8EFC-FC5EB3E6DFE0}.Ad-Hoc|iPhone.Build.0 = Debug|Any CPU
		{4995E6DC-926B-4581-8EFC-FC5EB3E6DFE0}.Ad-Hoc|iPhoneSimulator.ActiveCfg = Debug|Any CPU
		{4995E6DC-926B-4581-8EFC-FC5EB3E6DFE0}.Ad-Hoc|iPhoneSimulator.Build.0 = Debug|Any CPU
		{4995E6DC-926B-4581-8EFC-FC5EB3E6DFE0}.Ad-Hoc|x64.ActiveCfg = Debug|Any CPU
		{4995E6DC-926B-4581-8EFC-FC5EB3E6DFE0}.Ad-Hoc|x64.Build.0 = Debug|Any CPU
		{4995E6DC-926B-4581-8EFC-FC5EB3E6DFE0}.Ad-Hoc|x86.ActiveCfg = Debug|Any CPU
		{4995E6DC-926B-4581-8EFC-FC5EB3E6DFE0}.Ad-Hoc|x86.Build.0 = Debug|Any CPU
		{4995E6DC-926B-4581-8EFC-FC5EB3E6DFE0}.AppStore|Any CPU.ActiveCfg = Debug|Any CPU
		{4995E6DC-926B-4581-8EFC-FC5EB3E6DFE0}.AppStore|Any CPU.Build.0 = Debug|Any CPU
		{4995E6DC-926B-4581-8EFC-FC5EB3E6DFE0}.AppStore|ARM.ActiveCfg = Debug|Any CPU
		{4995E6DC-926B-4581-8EFC-FC5EB3E6DFE0}.AppStore|ARM.Build.0 = Debug|Any CPU
		{4995E6DC-926B-4581-8EFC-FC5EB3E6DFE0}.AppStore|ARM64.ActiveCfg = Debug|Any CPU
		{4995E6DC-926B-4581-8EFC-FC5EB3E6DFE0}.AppStore|ARM64.Build.0 = Debug|Any CPU
		{4995E6DC-926B-4581-8EFC-FC5EB3E6DFE0}.AppStore|iPhone.ActiveCfg = Debug|Any CPU
		{4995E6DC-926B-4581-8EFC-FC5EB3E6DFE0}.AppStore|iPhone.Build.0 = Debug|Any CPU
		{4995E6DC-926B-4581-8EFC-FC5EB3E6DFE0}.AppStore|iPhoneSimulator.ActiveCfg = Debug|Any CPU
		{4995E6DC-926B-4581-8EFC-FC5EB3E6DFE0}.AppStore|iPhoneSimulator.Build.0 = Debug|Any CPU
		{4995E6DC-926B-4581-8EFC-FC5EB3E6DFE0}.AppStore|x64.ActiveCfg = Debug|Any CPU
		{4995E6DC-926B-4581-8EFC-FC5EB3E6DFE0}.AppStore|x64.Build.0 = Debug|Any CPU
		{4995E6DC-926B-4581-8EFC-FC5EB3E6DFE0}.AppStore|x86.ActiveCfg = Debug|Any CPU
		{4995E6DC-926B-4581-8EFC-FC5EB3E6DFE0}.AppStore|x86.Build.0 = Debug|Any CPU
		{4995E6DC-926B-4581-8EFC-FC5EB3E6DFE0}.Debug|Any CPU.ActiveCfg = Debug|Any CPU
		{4995E6DC-926B-4581-8EFC-FC5EB3E6DFE0}.Debug|Any CPU.Build.0 = Debug|Any CPU
		{4995E6DC-926B-4581-8EFC-FC5EB3E6DFE0}.Debug|ARM.ActiveCfg = Debug|Any CPU
		{4995E6DC-926B-4581-8EFC-FC5EB3E6DFE0}.Debug|ARM.Build.0 = Debug|Any CPU
		{4995E6DC-926B-4581-8EFC-FC5EB3E6DFE0}.Debug|ARM64.ActiveCfg = Debug|Any CPU
		{4995E6DC-926B-4581-8EFC-FC5EB3E6DFE0}.Debug|ARM64.Build.0 = Debug|Any CPU
		{4995E6DC-926B-4581-8EFC-FC5EB3E6DFE0}.Debug|iPhone.ActiveCfg = Debug|Any CPU
		{4995E6DC-926B-4581-8EFC-FC5EB3E6DFE0}.Debug|iPhone.Build.0 = Debug|Any CPU
		{4995E6DC-926B-4581-8EFC-FC5EB3E6DFE0}.Debug|iPhoneSimulator.ActiveCfg = Debug|Any CPU
		{4995E6DC-926B-4581-8EFC-FC5EB3E6DFE0}.Debug|iPhoneSimulator.Build.0 = Debug|Any CPU
		{4995E6DC-926B-4581-8EFC-FC5EB3E6DFE0}.Debug|x64.ActiveCfg = Debug|Any CPU
		{4995E6DC-926B-4581-8EFC-FC5EB3E6DFE0}.Debug|x64.Build.0 = Debug|Any CPU
		{4995E6DC-926B-4581-8EFC-FC5EB3E6DFE0}.Debug|x86.ActiveCfg = Debug|Any CPU
		{4995E6DC-926B-4581-8EFC-FC5EB3E6DFE0}.Debug|x86.Build.0 = Debug|Any CPU
		{4995E6DC-926B-4581-8EFC-FC5EB3E6DFE0}.Release|Any CPU.ActiveCfg = Release|Any CPU
		{4995E6DC-926B-4581-8EFC-FC5EB3E6DFE0}.Release|Any CPU.Build.0 = Release|Any CPU
		{4995E6DC-926B-4581-8EFC-FC5EB3E6DFE0}.Release|ARM.ActiveCfg = Release|Any CPU
		{4995E6DC-926B-4581-8EFC-FC5EB3E6DFE0}.Release|ARM.Build.0 = Release|Any CPU
		{4995E6DC-926B-4581-8EFC-FC5EB3E6DFE0}.Release|ARM64.ActiveCfg = Release|Any CPU
		{4995E6DC-926B-4581-8EFC-FC5EB3E6DFE0}.Release|ARM64.Build.0 = Release|Any CPU
		{4995E6DC-926B-4581-8EFC-FC5EB3E6DFE0}.Release|iPhone.ActiveCfg = Release|Any CPU
		{4995E6DC-926B-4581-8EFC-FC5EB3E6DFE0}.Release|iPhone.Build.0 = Release|Any CPU
		{4995E6DC-926B-4581-8EFC-FC5EB3E6DFE0}.Release|iPhoneSimulator.ActiveCfg = Release|Any CPU
		{4995E6DC-926B-4581-8EFC-FC5EB3E6DFE0}.Release|iPhoneSimulator.Build.0 = Release|Any CPU
		{4995E6DC-926B-4581-8EFC-FC5EB3E6DFE0}.Release|x64.ActiveCfg = Release|Any CPU
		{4995E6DC-926B-4581-8EFC-FC5EB3E6DFE0}.Release|x64.Build.0 = Release|Any CPU
		{4995E6DC-926B-4581-8EFC-FC5EB3E6DFE0}.Release|x86.ActiveCfg = Release|Any CPU
		{4995E6DC-926B-4581-8EFC-FC5EB3E6DFE0}.Release|x86.Build.0 = Release|Any CPU
		{E3BD49EB-9896-47BE-B236-27340476C604}.Ad-Hoc|Any CPU.ActiveCfg = Debug|Any CPU
		{E3BD49EB-9896-47BE-B236-27340476C604}.Ad-Hoc|Any CPU.Build.0 = Debug|Any CPU
		{E3BD49EB-9896-47BE-B236-27340476C604}.Ad-Hoc|ARM.ActiveCfg = Debug|Any CPU
		{E3BD49EB-9896-47BE-B236-27340476C604}.Ad-Hoc|ARM.Build.0 = Debug|Any CPU
		{E3BD49EB-9896-47BE-B236-27340476C604}.Ad-Hoc|ARM64.ActiveCfg = Debug|Any CPU
		{E3BD49EB-9896-47BE-B236-27340476C604}.Ad-Hoc|ARM64.Build.0 = Debug|Any CPU
		{E3BD49EB-9896-47BE-B236-27340476C604}.Ad-Hoc|iPhone.ActiveCfg = Debug|Any CPU
		{E3BD49EB-9896-47BE-B236-27340476C604}.Ad-Hoc|iPhone.Build.0 = Debug|Any CPU
		{E3BD49EB-9896-47BE-B236-27340476C604}.Ad-Hoc|iPhoneSimulator.ActiveCfg = Debug|Any CPU
		{E3BD49EB-9896-47BE-B236-27340476C604}.Ad-Hoc|iPhoneSimulator.Build.0 = Debug|Any CPU
		{E3BD49EB-9896-47BE-B236-27340476C604}.Ad-Hoc|x64.ActiveCfg = Debug|Any CPU
		{E3BD49EB-9896-47BE-B236-27340476C604}.Ad-Hoc|x64.Build.0 = Debug|Any CPU
		{E3BD49EB-9896-47BE-B236-27340476C604}.Ad-Hoc|x86.ActiveCfg = Debug|Any CPU
		{E3BD49EB-9896-47BE-B236-27340476C604}.Ad-Hoc|x86.Build.0 = Debug|Any CPU
		{E3BD49EB-9896-47BE-B236-27340476C604}.AppStore|Any CPU.ActiveCfg = Debug|Any CPU
		{E3BD49EB-9896-47BE-B236-27340476C604}.AppStore|Any CPU.Build.0 = Debug|Any CPU
		{E3BD49EB-9896-47BE-B236-27340476C604}.AppStore|ARM.ActiveCfg = Debug|Any CPU
		{E3BD49EB-9896-47BE-B236-27340476C604}.AppStore|ARM.Build.0 = Debug|Any CPU
		{E3BD49EB-9896-47BE-B236-27340476C604}.AppStore|ARM64.ActiveCfg = Debug|Any CPU
		{E3BD49EB-9896-47BE-B236-27340476C604}.AppStore|ARM64.Build.0 = Debug|Any CPU
		{E3BD49EB-9896-47BE-B236-27340476C604}.AppStore|iPhone.ActiveCfg = Debug|Any CPU
		{E3BD49EB-9896-47BE-B236-27340476C604}.AppStore|iPhone.Build.0 = Debug|Any CPU
		{E3BD49EB-9896-47BE-B236-27340476C604}.AppStore|iPhoneSimulator.ActiveCfg = Debug|Any CPU
		{E3BD49EB-9896-47BE-B236-27340476C604}.AppStore|iPhoneSimulator.Build.0 = Debug|Any CPU
		{E3BD49EB-9896-47BE-B236-27340476C604}.AppStore|x64.ActiveCfg = Debug|Any CPU
		{E3BD49EB-9896-47BE-B236-27340476C604}.AppStore|x64.Build.0 = Debug|Any CPU
		{E3BD49EB-9896-47BE-B236-27340476C604}.AppStore|x86.ActiveCfg = Debug|Any CPU
		{E3BD49EB-9896-47BE-B236-27340476C604}.AppStore|x86.Build.0 = Debug|Any CPU
		{E3BD49EB-9896-47BE-B236-27340476C604}.Debug|Any CPU.ActiveCfg = Debug|Any CPU
		{E3BD49EB-9896-47BE-B236-27340476C604}.Debug|Any CPU.Build.0 = Debug|Any CPU
		{E3BD49EB-9896-47BE-B236-27340476C604}.Debug|ARM.ActiveCfg = Debug|Any CPU
		{E3BD49EB-9896-47BE-B236-27340476C604}.Debug|ARM.Build.0 = Debug|Any CPU
		{E3BD49EB-9896-47BE-B236-27340476C604}.Debug|ARM64.ActiveCfg = Debug|Any CPU
		{E3BD49EB-9896-47BE-B236-27340476C604}.Debug|ARM64.Build.0 = Debug|Any CPU
		{E3BD49EB-9896-47BE-B236-27340476C604}.Debug|iPhone.ActiveCfg = Debug|Any CPU
		{E3BD49EB-9896-47BE-B236-27340476C604}.Debug|iPhone.Build.0 = Debug|Any CPU
		{E3BD49EB-9896-47BE-B236-27340476C604}.Debug|iPhoneSimulator.ActiveCfg = Debug|Any CPU
		{E3BD49EB-9896-47BE-B236-27340476C604}.Debug|iPhoneSimulator.Build.0 = Debug|Any CPU
		{E3BD49EB-9896-47BE-B236-27340476C604}.Debug|x64.ActiveCfg = Debug|Any CPU
		{E3BD49EB-9896-47BE-B236-27340476C604}.Debug|x64.Build.0 = Debug|Any CPU
		{E3BD49EB-9896-47BE-B236-27340476C604}.Debug|x86.ActiveCfg = Debug|Any CPU
		{E3BD49EB-9896-47BE-B236-27340476C604}.Debug|x86.Build.0 = Debug|Any CPU
		{E3BD49EB-9896-47BE-B236-27340476C604}.Release|Any CPU.ActiveCfg = Release|Any CPU
		{E3BD49EB-9896-47BE-B236-27340476C604}.Release|Any CPU.Build.0 = Release|Any CPU
		{E3BD49EB-9896-47BE-B236-27340476C604}.Release|ARM.ActiveCfg = Release|Any CPU
		{E3BD49EB-9896-47BE-B236-27340476C604}.Release|ARM.Build.0 = Release|Any CPU
		{E3BD49EB-9896-47BE-B236-27340476C604}.Release|ARM64.ActiveCfg = Release|Any CPU
		{E3BD49EB-9896-47BE-B236-27340476C604}.Release|ARM64.Build.0 = Release|Any CPU
		{E3BD49EB-9896-47BE-B236-27340476C604}.Release|iPhone.ActiveCfg = Release|Any CPU
		{E3BD49EB-9896-47BE-B236-27340476C604}.Release|iPhone.Build.0 = Release|Any CPU
		{E3BD49EB-9896-47BE-B236-27340476C604}.Release|iPhoneSimulator.ActiveCfg = Release|Any CPU
		{E3BD49EB-9896-47BE-B236-27340476C604}.Release|iPhoneSimulator.Build.0 = Release|Any CPU
		{E3BD49EB-9896-47BE-B236-27340476C604}.Release|x64.ActiveCfg = Release|Any CPU
		{E3BD49EB-9896-47BE-B236-27340476C604}.Release|x64.Build.0 = Release|Any CPU
		{E3BD49EB-9896-47BE-B236-27340476C604}.Release|x86.ActiveCfg = Release|Any CPU
		{E3BD49EB-9896-47BE-B236-27340476C604}.Release|x86.Build.0 = Release|Any CPU
		{6BDEBB39-2784-4BDC-8B95-7852DDAFEC62}.Ad-Hoc|Any CPU.ActiveCfg = Debug|Any CPU
		{6BDEBB39-2784-4BDC-8B95-7852DDAFEC62}.Ad-Hoc|Any CPU.Build.0 = Debug|Any CPU
		{6BDEBB39-2784-4BDC-8B95-7852DDAFEC62}.Ad-Hoc|ARM.ActiveCfg = Debug|Any CPU
		{6BDEBB39-2784-4BDC-8B95-7852DDAFEC62}.Ad-Hoc|ARM.Build.0 = Debug|Any CPU
		{6BDEBB39-2784-4BDC-8B95-7852DDAFEC62}.Ad-Hoc|ARM64.ActiveCfg = Debug|Any CPU
		{6BDEBB39-2784-4BDC-8B95-7852DDAFEC62}.Ad-Hoc|ARM64.Build.0 = Debug|Any CPU
		{6BDEBB39-2784-4BDC-8B95-7852DDAFEC62}.Ad-Hoc|iPhone.ActiveCfg = Debug|Any CPU
		{6BDEBB39-2784-4BDC-8B95-7852DDAFEC62}.Ad-Hoc|iPhone.Build.0 = Debug|Any CPU
		{6BDEBB39-2784-4BDC-8B95-7852DDAFEC62}.Ad-Hoc|iPhoneSimulator.ActiveCfg = Debug|Any CPU
		{6BDEBB39-2784-4BDC-8B95-7852DDAFEC62}.Ad-Hoc|iPhoneSimulator.Build.0 = Debug|Any CPU
		{6BDEBB39-2784-4BDC-8B95-7852DDAFEC62}.Ad-Hoc|x64.ActiveCfg = Debug|Any CPU
		{6BDEBB39-2784-4BDC-8B95-7852DDAFEC62}.Ad-Hoc|x64.Build.0 = Debug|Any CPU
		{6BDEBB39-2784-4BDC-8B95-7852DDAFEC62}.Ad-Hoc|x86.ActiveCfg = Debug|Any CPU
		{6BDEBB39-2784-4BDC-8B95-7852DDAFEC62}.Ad-Hoc|x86.Build.0 = Debug|Any CPU
		{6BDEBB39-2784-4BDC-8B95-7852DDAFEC62}.AppStore|Any CPU.ActiveCfg = Debug|Any CPU
		{6BDEBB39-2784-4BDC-8B95-7852DDAFEC62}.AppStore|Any CPU.Build.0 = Debug|Any CPU
		{6BDEBB39-2784-4BDC-8B95-7852DDAFEC62}.AppStore|ARM.ActiveCfg = Debug|Any CPU
		{6BDEBB39-2784-4BDC-8B95-7852DDAFEC62}.AppStore|ARM.Build.0 = Debug|Any CPU
		{6BDEBB39-2784-4BDC-8B95-7852DDAFEC62}.AppStore|ARM64.ActiveCfg = Debug|Any CPU
		{6BDEBB39-2784-4BDC-8B95-7852DDAFEC62}.AppStore|ARM64.Build.0 = Debug|Any CPU
		{6BDEBB39-2784-4BDC-8B95-7852DDAFEC62}.AppStore|iPhone.ActiveCfg = Debug|Any CPU
		{6BDEBB39-2784-4BDC-8B95-7852DDAFEC62}.AppStore|iPhone.Build.0 = Debug|Any CPU
		{6BDEBB39-2784-4BDC-8B95-7852DDAFEC62}.AppStore|iPhoneSimulator.ActiveCfg = Debug|Any CPU
		{6BDEBB39-2784-4BDC-8B95-7852DDAFEC62}.AppStore|iPhoneSimulator.Build.0 = Debug|Any CPU
		{6BDEBB39-2784-4BDC-8B95-7852DDAFEC62}.AppStore|x64.ActiveCfg = Debug|Any CPU
		{6BDEBB39-2784-4BDC-8B95-7852DDAFEC62}.AppStore|x64.Build.0 = Debug|Any CPU
		{6BDEBB39-2784-4BDC-8B95-7852DDAFEC62}.AppStore|x86.ActiveCfg = Debug|Any CPU
		{6BDEBB39-2784-4BDC-8B95-7852DDAFEC62}.AppStore|x86.Build.0 = Debug|Any CPU
		{6BDEBB39-2784-4BDC-8B95-7852DDAFEC62}.Debug|Any CPU.ActiveCfg = Debug|Any CPU
		{6BDEBB39-2784-4BDC-8B95-7852DDAFEC62}.Debug|Any CPU.Build.0 = Debug|Any CPU
		{6BDEBB39-2784-4BDC-8B95-7852DDAFEC62}.Debug|ARM.ActiveCfg = Debug|Any CPU
		{6BDEBB39-2784-4BDC-8B95-7852DDAFEC62}.Debug|ARM.Build.0 = Debug|Any CPU
		{6BDEBB39-2784-4BDC-8B95-7852DDAFEC62}.Debug|ARM64.ActiveCfg = Debug|Any CPU
		{6BDEBB39-2784-4BDC-8B95-7852DDAFEC62}.Debug|ARM64.Build.0 = Debug|Any CPU
		{6BDEBB39-2784-4BDC-8B95-7852DDAFEC62}.Debug|iPhone.ActiveCfg = Debug|Any CPU
		{6BDEBB39-2784-4BDC-8B95-7852DDAFEC62}.Debug|iPhone.Build.0 = Debug|Any CPU
		{6BDEBB39-2784-4BDC-8B95-7852DDAFEC62}.Debug|iPhoneSimulator.ActiveCfg = Debug|Any CPU
		{6BDEBB39-2784-4BDC-8B95-7852DDAFEC62}.Debug|iPhoneSimulator.Build.0 = Debug|Any CPU
		{6BDEBB39-2784-4BDC-8B95-7852DDAFEC62}.Debug|x64.ActiveCfg = Debug|Any CPU
		{6BDEBB39-2784-4BDC-8B95-7852DDAFEC62}.Debug|x64.Build.0 = Debug|Any CPU
		{6BDEBB39-2784-4BDC-8B95-7852DDAFEC62}.Debug|x86.ActiveCfg = Debug|Any CPU
		{6BDEBB39-2784-4BDC-8B95-7852DDAFEC62}.Debug|x86.Build.0 = Debug|Any CPU
		{6BDEBB39-2784-4BDC-8B95-7852DDAFEC62}.Release|Any CPU.ActiveCfg = Release|Any CPU
		{6BDEBB39-2784-4BDC-8B95-7852DDAFEC62}.Release|Any CPU.Build.0 = Release|Any CPU
		{6BDEBB39-2784-4BDC-8B95-7852DDAFEC62}.Release|ARM.ActiveCfg = Release|Any CPU
		{6BDEBB39-2784-4BDC-8B95-7852DDAFEC62}.Release|ARM.Build.0 = Release|Any CPU
		{6BDEBB39-2784-4BDC-8B95-7852DDAFEC62}.Release|ARM64.ActiveCfg = Release|Any CPU
		{6BDEBB39-2784-4BDC-8B95-7852DDAFEC62}.Release|ARM64.Build.0 = Release|Any CPU
		{6BDEBB39-2784-4BDC-8B95-7852DDAFEC62}.Release|iPhone.ActiveCfg = Release|Any CPU
		{6BDEBB39-2784-4BDC-8B95-7852DDAFEC62}.Release|iPhone.Build.0 = Release|Any CPU
		{6BDEBB39-2784-4BDC-8B95-7852DDAFEC62}.Release|iPhoneSimulator.ActiveCfg = Release|Any CPU
		{6BDEBB39-2784-4BDC-8B95-7852DDAFEC62}.Release|iPhoneSimulator.Build.0 = Release|Any CPU
		{6BDEBB39-2784-4BDC-8B95-7852DDAFEC62}.Release|x64.ActiveCfg = Release|Any CPU
		{6BDEBB39-2784-4BDC-8B95-7852DDAFEC62}.Release|x64.Build.0 = Release|Any CPU
		{6BDEBB39-2784-4BDC-8B95-7852DDAFEC62}.Release|x86.ActiveCfg = Release|Any CPU
		{6BDEBB39-2784-4BDC-8B95-7852DDAFEC62}.Release|x86.Build.0 = Release|Any CPU
		{739B4102-B9CC-42B0-9F8E-BF48FD9F1B31}.Ad-Hoc|Any CPU.ActiveCfg = Debug|Any CPU
		{739B4102-B9CC-42B0-9F8E-BF48FD9F1B31}.Ad-Hoc|Any CPU.Build.0 = Debug|Any CPU
		{739B4102-B9CC-42B0-9F8E-BF48FD9F1B31}.Ad-Hoc|ARM.ActiveCfg = Debug|Any CPU
		{739B4102-B9CC-42B0-9F8E-BF48FD9F1B31}.Ad-Hoc|ARM.Build.0 = Debug|Any CPU
		{739B4102-B9CC-42B0-9F8E-BF48FD9F1B31}.Ad-Hoc|ARM64.ActiveCfg = Debug|Any CPU
		{739B4102-B9CC-42B0-9F8E-BF48FD9F1B31}.Ad-Hoc|ARM64.Build.0 = Debug|Any CPU
		{739B4102-B9CC-42B0-9F8E-BF48FD9F1B31}.Ad-Hoc|iPhone.ActiveCfg = Debug|Any CPU
		{739B4102-B9CC-42B0-9F8E-BF48FD9F1B31}.Ad-Hoc|iPhone.Build.0 = Debug|Any CPU
		{739B4102-B9CC-42B0-9F8E-BF48FD9F1B31}.Ad-Hoc|iPhoneSimulator.ActiveCfg = Debug|Any CPU
		{739B4102-B9CC-42B0-9F8E-BF48FD9F1B31}.Ad-Hoc|iPhoneSimulator.Build.0 = Debug|Any CPU
		{739B4102-B9CC-42B0-9F8E-BF48FD9F1B31}.Ad-Hoc|x64.ActiveCfg = Debug|Any CPU
		{739B4102-B9CC-42B0-9F8E-BF48FD9F1B31}.Ad-Hoc|x64.Build.0 = Debug|Any CPU
		{739B4102-B9CC-42B0-9F8E-BF48FD9F1B31}.Ad-Hoc|x86.ActiveCfg = Debug|Any CPU
		{739B4102-B9CC-42B0-9F8E-BF48FD9F1B31}.Ad-Hoc|x86.Build.0 = Debug|Any CPU
		{739B4102-B9CC-42B0-9F8E-BF48FD9F1B31}.AppStore|Any CPU.ActiveCfg = Debug|Any CPU
		{739B4102-B9CC-42B0-9F8E-BF48FD9F1B31}.AppStore|Any CPU.Build.0 = Debug|Any CPU
		{739B4102-B9CC-42B0-9F8E-BF48FD9F1B31}.AppStore|ARM.ActiveCfg = Debug|Any CPU
		{739B4102-B9CC-42B0-9F8E-BF48FD9F1B31}.AppStore|ARM.Build.0 = Debug|Any CPU
		{739B4102-B9CC-42B0-9F8E-BF48FD9F1B31}.AppStore|ARM64.ActiveCfg = Debug|Any CPU
		{739B4102-B9CC-42B0-9F8E-BF48FD9F1B31}.AppStore|ARM64.Build.0 = Debug|Any CPU
		{739B4102-B9CC-42B0-9F8E-BF48FD9F1B31}.AppStore|iPhone.ActiveCfg = Debug|Any CPU
		{739B4102-B9CC-42B0-9F8E-BF48FD9F1B31}.AppStore|iPhone.Build.0 = Debug|Any CPU
		{739B4102-B9CC-42B0-9F8E-BF48FD9F1B31}.AppStore|iPhoneSimulator.ActiveCfg = Debug|Any CPU
		{739B4102-B9CC-42B0-9F8E-BF48FD9F1B31}.AppStore|iPhoneSimulator.Build.0 = Debug|Any CPU
		{739B4102-B9CC-42B0-9F8E-BF48FD9F1B31}.AppStore|x64.ActiveCfg = Debug|Any CPU
		{739B4102-B9CC-42B0-9F8E-BF48FD9F1B31}.AppStore|x64.Build.0 = Debug|Any CPU
		{739B4102-B9CC-42B0-9F8E-BF48FD9F1B31}.AppStore|x86.ActiveCfg = Debug|Any CPU
		{739B4102-B9CC-42B0-9F8E-BF48FD9F1B31}.AppStore|x86.Build.0 = Debug|Any CPU
		{739B4102-B9CC-42B0-9F8E-BF48FD9F1B31}.Debug|Any CPU.ActiveCfg = Debug|Any CPU
		{739B4102-B9CC-42B0-9F8E-BF48FD9F1B31}.Debug|Any CPU.Build.0 = Debug|Any CPU
		{739B4102-B9CC-42B0-9F8E-BF48FD9F1B31}.Debug|ARM.ActiveCfg = Debug|Any CPU
		{739B4102-B9CC-42B0-9F8E-BF48FD9F1B31}.Debug|ARM.Build.0 = Debug|Any CPU
		{739B4102-B9CC-42B0-9F8E-BF48FD9F1B31}.Debug|ARM64.ActiveCfg = Debug|Any CPU
		{739B4102-B9CC-42B0-9F8E-BF48FD9F1B31}.Debug|ARM64.Build.0 = Debug|Any CPU
		{739B4102-B9CC-42B0-9F8E-BF48FD9F1B31}.Debug|iPhone.ActiveCfg = Debug|Any CPU
		{739B4102-B9CC-42B0-9F8E-BF48FD9F1B31}.Debug|iPhone.Build.0 = Debug|Any CPU
		{739B4102-B9CC-42B0-9F8E-BF48FD9F1B31}.Debug|iPhoneSimulator.ActiveCfg = Debug|Any CPU
		{739B4102-B9CC-42B0-9F8E-BF48FD9F1B31}.Debug|iPhoneSimulator.Build.0 = Debug|Any CPU
		{739B4102-B9CC-42B0-9F8E-BF48FD9F1B31}.Debug|x64.ActiveCfg = Debug|Any CPU
		{739B4102-B9CC-42B0-9F8E-BF48FD9F1B31}.Debug|x64.Build.0 = Debug|Any CPU
		{739B4102-B9CC-42B0-9F8E-BF48FD9F1B31}.Debug|x86.ActiveCfg = Debug|Any CPU
		{739B4102-B9CC-42B0-9F8E-BF48FD9F1B31}.Debug|x86.Build.0 = Debug|Any CPU
		{739B4102-B9CC-42B0-9F8E-BF48FD9F1B31}.Release|Any CPU.ActiveCfg = Release|Any CPU
		{739B4102-B9CC-42B0-9F8E-BF48FD9F1B31}.Release|Any CPU.Build.0 = Release|Any CPU
		{739B4102-B9CC-42B0-9F8E-BF48FD9F1B31}.Release|ARM.ActiveCfg = Release|Any CPU
		{739B4102-B9CC-42B0-9F8E-BF48FD9F1B31}.Release|ARM.Build.0 = Release|Any CPU
		{739B4102-B9CC-42B0-9F8E-BF48FD9F1B31}.Release|ARM64.ActiveCfg = Release|Any CPU
		{739B4102-B9CC-42B0-9F8E-BF48FD9F1B31}.Release|ARM64.Build.0 = Release|Any CPU
		{739B4102-B9CC-42B0-9F8E-BF48FD9F1B31}.Release|iPhone.ActiveCfg = Release|Any CPU
		{739B4102-B9CC-42B0-9F8E-BF48FD9F1B31}.Release|iPhone.Build.0 = Release|Any CPU
		{739B4102-B9CC-42B0-9F8E-BF48FD9F1B31}.Release|iPhoneSimulator.ActiveCfg = Release|Any CPU
		{739B4102-B9CC-42B0-9F8E-BF48FD9F1B31}.Release|iPhoneSimulator.Build.0 = Release|Any CPU
		{739B4102-B9CC-42B0-9F8E-BF48FD9F1B31}.Release|x64.ActiveCfg = Release|Any CPU
		{739B4102-B9CC-42B0-9F8E-BF48FD9F1B31}.Release|x64.Build.0 = Release|Any CPU
		{739B4102-B9CC-42B0-9F8E-BF48FD9F1B31}.Release|x86.ActiveCfg = Release|Any CPU
		{739B4102-B9CC-42B0-9F8E-BF48FD9F1B31}.Release|x86.Build.0 = Release|Any CPU
	EndGlobalSection
	GlobalSection(SolutionProperties) = preSolution
		HideSolutionNode = FALSE
	EndGlobalSection
	GlobalSection(NestedProjects) = preSolution
		{84E764FF-38F4-432C-BF64-C42A71B57FAF} = {6B9332C2-6A8C-4581-8536-312C6C7C7E92}
		{560DE621-937B-40AB-BF0C-EB636002A75B} = {6B9332C2-6A8C-4581-8536-312C6C7C7E92}
		{0544668D-6E08-4820-981F-282F3094B74A} = {6B9332C2-6A8C-4581-8536-312C6C7C7E92}
		{EFA359AF-2710-4F3B-AA80-F9C080577D70} = {6B9332C2-6A8C-4581-8536-312C6C7C7E92}
		{1247D57C-5BA5-4E80-9D55-560480239A9F} = {6B9332C2-6A8C-4581-8536-312C6C7C7E92}
		{4995E6DC-926B-4581-8EFC-FC5EB3E6DFE0} = {6B9332C2-6A8C-4581-8536-312C6C7C7E92}
		{E3BD49EB-9896-47BE-B236-27340476C604} = {6B9332C2-6A8C-4581-8536-312C6C7C7E92}
		{6BDEBB39-2784-4BDC-8B95-7852DDAFEC62} = {6B9332C2-6A8C-4581-8536-312C6C7C7E92}
		{739B4102-B9CC-42B0-9F8E-BF48FD9F1B31} = {6B9332C2-6A8C-4581-8536-312C6C7C7E92}
	EndGlobalSection
	GlobalSection(ExtensibilityGlobals) = postSolution
		SolutionGuid = {645C6F36-5DA0-4598-9EB9-7C29A5D1E6F0}
	EndGlobalSection
EndGlobal
